// !$*UTF8*$!
{
	archiveVersion = 1;
	classes = {
	};
	objectVersion = 46;
	objects = {

/* Begin PBXBuildFile section */
		930430461F182BB100741DFC /* CerrarSesionViewController.swift in Sources */ = {isa = PBXBuildFile; fileRef = 930430451F182BB100741DFC /* CerrarSesionViewController.swift */; };
		931C5ABC1EEC4B6100BD0C0C /* FacebookService.swift in Sources */ = {isa = PBXBuildFile; fileRef = 931C5ABB1EEC4B6100BD0C0C /* FacebookService.swift */; };
		931C5AD31EEDE16D00BD0C0C /* SwipeCardLike.png in Resources */ = {isa = PBXBuildFile; fileRef = 931C5AD01EEDE16D00BD0C0C /* SwipeCardLike.png */; };
		931C5AD41EEDE16D00BD0C0C /* SwipeCardLike@2x.png in Resources */ = {isa = PBXBuildFile; fileRef = 931C5AD11EEDE16D00BD0C0C /* SwipeCardLike@2x.png */; };
		931C5AD51EEDE16D00BD0C0C /* SwipeCardLike@3x.png in Resources */ = {isa = PBXBuildFile; fileRef = 931C5AD21EEDE16D00BD0C0C /* SwipeCardLike@3x.png */; };
		931C5AD91EEDE51000BD0C0C /* SwipeCardNope.png in Resources */ = {isa = PBXBuildFile; fileRef = 931C5AD61EEDE51000BD0C0C /* SwipeCardNope.png */; };
		931C5ADA1EEDE51000BD0C0C /* SwipeCardNope@2x.png in Resources */ = {isa = PBXBuildFile; fileRef = 931C5AD71EEDE51000BD0C0C /* SwipeCardNope@2x.png */; };
		931C5ADB1EEDE51000BD0C0C /* SwipeCardNope@3x.png in Resources */ = {isa = PBXBuildFile; fileRef = 931C5AD81EEDE51000BD0C0C /* SwipeCardNope@3x.png */; };
		932AF1421EE8909300BB0D1F /* Common.swift in Sources */ = {isa = PBXBuildFile; fileRef = 932AF13E1EE8909300BB0D1F /* Common.swift */; };
		932AF14A1EE8975400BB0D1F /* FiestaModel.swift in Sources */ = {isa = PBXBuildFile; fileRef = 932AF1471EE8975400BB0D1F /* FiestaModel.swift */; };
		932AF14B1EE8975400BB0D1F /* FIRObject.swift in Sources */ = {isa = PBXBuildFile; fileRef = 932AF1481EE8975400BB0D1F /* FIRObject.swift */; };
		932AF14C1EE8975400BB0D1F /* UbicacionModel.swift in Sources */ = {isa = PBXBuildFile; fileRef = 932AF1491EE8975400BB0D1F /* UbicacionModel.swift */; };
		932AF1501EE897D100BB0D1F /* FirebaseService.swift in Sources */ = {isa = PBXBuildFile; fileRef = 932AF14E1EE897D100BB0D1F /* FirebaseService.swift */; };
		932AF1691EE8A3CF00BB0D1F /* FiestaTableViewController.swift in Sources */ = {isa = PBXBuildFile; fileRef = 932AF1541EE8A3CF00BB0D1F /* FiestaTableViewController.swift */; };
		932AF16A1EE8A3CF00BB0D1F /* InformacionTableViewCell.swift in Sources */ = {isa = PBXBuildFile; fileRef = 932AF1561EE8A3CF00BB0D1F /* InformacionTableViewCell.swift */; };
		932AF16B1EE8A3CF00BB0D1F /* MeGustasTableViewCell.swift in Sources */ = {isa = PBXBuildFile; fileRef = 932AF1571EE8A3CF00BB0D1F /* MeGustasTableViewCell.swift */; };
		932AF16C1EE8A3CF00BB0D1F /* LoginViewController.swift in Sources */ = {isa = PBXBuildFile; fileRef = 932AF1591EE8A3CF00BB0D1F /* LoginViewController.swift */; };
		932AF16D1EE8A3CF00BB0D1F /* BackgroundAnimationViewController.swift in Sources */ = {isa = PBXBuildFile; fileRef = 932AF15B1EE8A3CF00BB0D1F /* BackgroundAnimationViewController.swift */; };
		932AF16E1EE8A3CF00BB0D1F /* BackgroundKolodaAnimator.swift in Sources */ = {isa = PBXBuildFile; fileRef = 932AF15C1EE8A3CF00BB0D1F /* BackgroundKolodaAnimator.swift */; };
		932AF1741EE8A3CF00BB0D1F /* MisFiestasTableViewController.swift in Sources */ = {isa = PBXBuildFile; fileRef = 932AF1631EE8A3CF00BB0D1F /* MisFiestasTableViewController.swift */; };
		932AF1751EE8A3CF00BB0D1F /* MisFiestasViewController.swift in Sources */ = {isa = PBXBuildFile; fileRef = 932AF1641EE8A3CF00BB0D1F /* MisFiestasViewController.swift */; };
		932AF1761EE8A3CF00BB0D1F /* NotificacionesViewController.swift in Sources */ = {isa = PBXBuildFile; fileRef = 932AF1661EE8A3CF00BB0D1F /* NotificacionesViewController.swift */; };
		932AF1771EE8A3CF00BB0D1F /* NuevaFiestaViewController.swift in Sources */ = {isa = PBXBuildFile; fileRef = 932AF1681EE8A3CF00BB0D1F /* NuevaFiestaViewController.swift */; };
		932AF1821EE8A6D500BB0D1F /* AppDelegate.swift in Sources */ = {isa = PBXBuildFile; fileRef = 932AF17F1EE8A6D400BB0D1F /* AppDelegate.swift */; };
		932AF1831EE8A6D500BB0D1F /* GoogleService-Info.plist in Resources */ = {isa = PBXBuildFile; fileRef = 932AF1801EE8A6D500BB0D1F /* GoogleService-Info.plist */; };
		932AF1841EE8A6D500BB0D1F /* Info.plist in Resources */ = {isa = PBXBuildFile; fileRef = 932AF1811EE8A6D500BB0D1F /* Info.plist */; };
		932AF1A81EE8A81500BB0D1F /* Ubuntu-B.ttf in Resources */ = {isa = PBXBuildFile; fileRef = 932AF1871EE8A81500BB0D1F /* Ubuntu-B.ttf */; };
		932AF1A91EE8A81500BB0D1F /* Ubuntu-BI.ttf in Resources */ = {isa = PBXBuildFile; fileRef = 932AF1881EE8A81500BB0D1F /* Ubuntu-BI.ttf */; };
		932AF1AA1EE8A81500BB0D1F /* Ubuntu-C.ttf in Resources */ = {isa = PBXBuildFile; fileRef = 932AF1891EE8A81500BB0D1F /* Ubuntu-C.ttf */; };
		932AF1AB1EE8A81500BB0D1F /* Ubuntu-L.ttf in Resources */ = {isa = PBXBuildFile; fileRef = 932AF18A1EE8A81500BB0D1F /* Ubuntu-L.ttf */; };
		932AF1AC1EE8A81500BB0D1F /* Ubuntu-LI.ttf in Resources */ = {isa = PBXBuildFile; fileRef = 932AF18B1EE8A81500BB0D1F /* Ubuntu-LI.ttf */; };
		932AF1AD1EE8A81500BB0D1F /* Ubuntu-M.ttf in Resources */ = {isa = PBXBuildFile; fileRef = 932AF18C1EE8A81500BB0D1F /* Ubuntu-M.ttf */; };
		932AF1AE1EE8A81500BB0D1F /* Ubuntu-MI.ttf in Resources */ = {isa = PBXBuildFile; fileRef = 932AF18D1EE8A81500BB0D1F /* Ubuntu-MI.ttf */; };
		932AF1AF1EE8A81500BB0D1F /* Ubuntu-R.ttf in Resources */ = {isa = PBXBuildFile; fileRef = 932AF18E1EE8A81500BB0D1F /* Ubuntu-R.ttf */; };
		932AF1B01EE8A81500BB0D1F /* Ubuntu-RI.ttf in Resources */ = {isa = PBXBuildFile; fileRef = 932AF18F1EE8A81500BB0D1F /* Ubuntu-RI.ttf */; };
		932AF1B11EE8A81500BB0D1F /* ic_action_add_circle@2x.png in Resources */ = {isa = PBXBuildFile; fileRef = 932AF1911EE8A81500BB0D1F /* ic_action_add_circle@2x.png */; };
		932AF1B21EE8A81500BB0D1F /* ic_action_add_circle@3x.png in Resources */ = {isa = PBXBuildFile; fileRef = 932AF1921EE8A81500BB0D1F /* ic_action_add_circle@3x.png */; };
		932AF1B31EE8A81500BB0D1F /* ic_action_notifications@2x.png in Resources */ = {isa = PBXBuildFile; fileRef = 932AF1931EE8A81500BB0D1F /* ic_action_notifications@2x.png */; };
		932AF1B41EE8A81500BB0D1F /* ic_action_notifications@3x.png in Resources */ = {isa = PBXBuildFile; fileRef = 932AF1941EE8A81500BB0D1F /* ic_action_notifications@3x.png */; };
		932AF1B51EE8A81500BB0D1F /* IconBack@2x.png in Resources */ = {isa = PBXBuildFile; fileRef = 932AF1951EE8A81500BB0D1F /* IconBack@2x.png */; };
		932AF1B61EE8A81500BB0D1F /* IconBack@3x.png in Resources */ = {isa = PBXBuildFile; fileRef = 932AF1961EE8A81500BB0D1F /* IconBack@3x.png */; };
		932AF1B71EE8A81500BB0D1F /* IconLogout@2x.png in Resources */ = {isa = PBXBuildFile; fileRef = 932AF1971EE8A81500BB0D1F /* IconLogout@2x.png */; };
		932AF1B81EE8A81500BB0D1F /* IconLogout@3x.png in Resources */ = {isa = PBXBuildFile; fileRef = 932AF1981EE8A81500BB0D1F /* IconLogout@3x.png */; };
		932AF1B91EE8A81500BB0D1F /* iconTab1@2x.png in Resources */ = {isa = PBXBuildFile; fileRef = 932AF1991EE8A81500BB0D1F /* iconTab1@2x.png */; };
		932AF1BA1EE8A81500BB0D1F /* iconTab1@3x.png in Resources */ = {isa = PBXBuildFile; fileRef = 932AF19A1EE8A81500BB0D1F /* iconTab1@3x.png */; };
		932AF1BB1EE8A81500BB0D1F /* Bg_profile_fiesta.png in Resources */ = {isa = PBXBuildFile; fileRef = 932AF19D1EE8A81500BB0D1F /* Bg_profile_fiesta.png */; };
		932AF1BD1EE8A81500BB0D1F /* bonete.png in Resources */ = {isa = PBXBuildFile; fileRef = 932AF1A01EE8A81500BB0D1F /* bonete.png */; };
		932AF1BE1EE8A81500BB0D1F /* Branding.png in Resources */ = {isa = PBXBuildFile; fileRef = 932AF1A11EE8A81500BB0D1F /* Branding.png */; };
		932AF1BF1EE8A81500BB0D1F /* Branding@2x.png in Resources */ = {isa = PBXBuildFile; fileRef = 932AF1A21EE8A81500BB0D1F /* Branding@2x.png */; };
		932AF1C01EE8A81500BB0D1F /* Branding@3x.png in Resources */ = {isa = PBXBuildFile; fileRef = 932AF1A31EE8A81500BB0D1F /* Branding@3x.png */; };
		932AF1C11EE8A81500BB0D1F /* btn_facebook.png in Resources */ = {isa = PBXBuildFile; fileRef = 932AF1A51EE8A81500BB0D1F /* btn_facebook.png */; };
		932AF1C21EE8A81500BB0D1F /* btn_facebook@2x.png in Resources */ = {isa = PBXBuildFile; fileRef = 932AF1A61EE8A81500BB0D1F /* btn_facebook@2x.png */; };
		932AF1C31EE8A81500BB0D1F /* btn_facebook@3x.png in Resources */ = {isa = PBXBuildFile; fileRef = 932AF1A71EE8A81500BB0D1F /* btn_facebook@3x.png */; };
		932AF1C61EE8A95600BB0D1F /* FiestaTableViewCell.swift in Sources */ = {isa = PBXBuildFile; fileRef = 932AF1C51EE8A95600BB0D1F /* FiestaTableViewCell.swift */; };
		93567AEE1EC25BA700056124 /* Main.storyboard in Resources */ = {isa = PBXBuildFile; fileRef = 93567AEC1EC25BA700056124 /* Main.storyboard */; };
		93567AF01EC25BA700056124 /* Assets.xcassets in Resources */ = {isa = PBXBuildFile; fileRef = 93567AEF1EC25BA700056124 /* Assets.xcassets */; };
		93567AF31EC25BA700056124 /* LaunchScreen.storyboard in Resources */ = {isa = PBXBuildFile; fileRef = 93567AF11EC25BA700056124 /* LaunchScreen.storyboard */; };
		936E375C1F0C1DF2005C0E8E /* MeGustasSinResultadosViewController.swift in Sources */ = {isa = PBXBuildFile; fileRef = 936E375B1F0C1DF2005C0E8E /* MeGustasSinResultadosViewController.swift */; };
		937392A21EEC48E300DADD23 /* UsuarioModel.swift in Sources */ = {isa = PBXBuildFile; fileRef = 937392A11EEC48E300DADD23 /* UsuarioModel.swift */; };
		93A374D71F082DE60001FA12 /* MeGustasService.swift in Sources */ = {isa = PBXBuildFile; fileRef = 93A374D61F082DE60001FA12 /* MeGustasService.swift */; };
		93A374E71F085C7E0001FA12 /* ic_matches.png in Resources */ = {isa = PBXBuildFile; fileRef = 93A374E41F085C7E0001FA12 /* ic_matches.png */; };
		93A374E81F085C7E0001FA12 /* ic_matches@2x.png in Resources */ = {isa = PBXBuildFile; fileRef = 93A374E51F085C7E0001FA12 /* ic_matches@2x.png */; };
		93A374E91F085C7E0001FA12 /* ic_matches@3x.png in Resources */ = {isa = PBXBuildFile; fileRef = 93A374E61F085C7E0001FA12 /* ic_matches@3x.png */; };
		93A374F21F0863120001FA12 /* MatchesTableViewController.swift in Sources */ = {isa = PBXBuildFile; fileRef = 93A374F01F0863120001FA12 /* MatchesTableViewController.swift */; };
		93A374F41F0863280001FA12 /* MatchTableViewCell.swift in Sources */ = {isa = PBXBuildFile; fileRef = 93A374F31F0863280001FA12 /* MatchTableViewCell.swift */; };
		93A374F61F0866730001FA12 /* MatchesViewController.swift in Sources */ = {isa = PBXBuildFile; fileRef = 93A374F51F0866730001FA12 /* MatchesViewController.swift */; };
		93A374FB1F0868D20001FA12 /* HomeViewController.swift in Sources */ = {isa = PBXBuildFile; fileRef = 93A374FA1F0868D20001FA12 /* HomeViewController.swift */; };
		93A60DDD1F0FA2E300C49A07 /* EnumFiestasCell.swift in Sources */ = {isa = PBXBuildFile; fileRef = 93A60DD41F0FA2E300C49A07 /* EnumFiestasCell.swift */; };
		93A60DDE1F0FA2E300C49A07 /* EnumFuncionalidades.swift in Sources */ = {isa = PBXBuildFile; fileRef = 93A60DD51F0FA2E300C49A07 /* EnumFuncionalidades.swift */; };
		93A60DDF1F0FA2E300C49A07 /* EnumGenero.swift in Sources */ = {isa = PBXBuildFile; fileRef = 93A60DD61F0FA2E300C49A07 /* EnumGenero.swift */; };
		93A60DE01F0FA2E300C49A07 /* EnumReaccionesMeGustas.swift in Sources */ = {isa = PBXBuildFile; fileRef = 93A60DD71F0FA2E300C49A07 /* EnumReaccionesMeGustas.swift */; };
		93A60DE11F0FA2E300C49A07 /* ArrayExtension.swift in Sources */ = {isa = PBXBuildFile; fileRef = 93A60DD91F0FA2E300C49A07 /* ArrayExtension.swift */; };
		93A60DE21F0FA2E300C49A07 /* UIColorExtension.swift in Sources */ = {isa = PBXBuildFile; fileRef = 93A60DDA1F0FA2E300C49A07 /* UIColorExtension.swift */; };
		93A60DE31F0FA2E300C49A07 /* UIImageViewExtension.swift in Sources */ = {isa = PBXBuildFile; fileRef = 93A60DDB1F0FA2E300C49A07 /* UIImageViewExtension.swift */; };
		93A60DE41F0FA2E300C49A07 /* UIViewExtension.swift in Sources */ = {isa = PBXBuildFile; fileRef = 93A60DDC1F0FA2E300C49A07 /* UIViewExtension.swift */; };
		93ADDC0A1EF597BF00D48DA0 /* ProgressOverlayView.swift in Sources */ = {isa = PBXBuildFile; fileRef = 93ADDC091EF597BF00D48DA0 /* ProgressOverlayView.swift */; };
		93ADDC0D1EF68F6000D48DA0 /* ic_meGustasCell.png in Resources */ = {isa = PBXBuildFile; fileRef = 93ADDC0B1EF68F6000D48DA0 /* ic_meGustasCell.png */; };
		93ADDC0E1EF68F6000D48DA0 /* ic_meGustasCell@2x.png in Resources */ = {isa = PBXBuildFile; fileRef = 93ADDC0C1EF68F6000D48DA0 /* ic_meGustasCell@2x.png */; };
		93CB917A1EEAE60900DA4340 /* ic_nope.png in Resources */ = {isa = PBXBuildFile; fileRef = 93CB91771EEAE60800DA4340 /* ic_nope.png */; };
		93CB917B1EEAE60900DA4340 /* ic_nope@2x.png in Resources */ = {isa = PBXBuildFile; fileRef = 93CB91781EEAE60900DA4340 /* ic_nope@2x.png */; };
		93CB917C1EEAE60900DA4340 /* ic_nope@3x.png in Resources */ = {isa = PBXBuildFile; fileRef = 93CB91791EEAE60900DA4340 /* ic_nope@3x.png */; };
		93CB91801EEAE69600DA4340 /* ic_like.png in Resources */ = {isa = PBXBuildFile; fileRef = 93CB917D1EEAE69600DA4340 /* ic_like.png */; };
		93CB91811EEAE69600DA4340 /* ic_like@2x.png in Resources */ = {isa = PBXBuildFile; fileRef = 93CB917E1EEAE69600DA4340 /* ic_like@2x.png */; };
		93CB91821EEAE69600DA4340 /* ic_like@3x.png in Resources */ = {isa = PBXBuildFile; fileRef = 93CB917F1EEAE69600DA4340 /* ic_like@3x.png */; };
		93CB918E1EEB0BC400DA4340 /* CustomKolodaView.swift in Sources */ = {isa = PBXBuildFile; fileRef = 93CB918B1EEB0BC400DA4340 /* CustomKolodaView.swift */; };
		93CB918F1EEB0BC400DA4340 /* CustomOverlayView.swift in Sources */ = {isa = PBXBuildFile; fileRef = 93CB918C1EEB0BC400DA4340 /* CustomOverlayView.swift */; };
		93CB91941EEB0C8800DA4340 /* ic_undo.png in Resources */ = {isa = PBXBuildFile; fileRef = 93CB91911EEB0C8800DA4340 /* ic_undo.png */; };
		93CB91951EEB0C8800DA4340 /* ic_undo@2x.png in Resources */ = {isa = PBXBuildFile; fileRef = 93CB91921EEB0C8800DA4340 /* ic_undo@2x.png */; };
		93CB91961EEB0C8800DA4340 /* ic_undo@3x.png in Resources */ = {isa = PBXBuildFile; fileRef = 93CB91931EEB0C8800DA4340 /* ic_undo@3x.png */; };
		93CB91981EEB123700DA4340 /* CustomOverlayView.xib in Resources */ = {isa = PBXBuildFile; fileRef = 93CB91971EEB123700DA4340 /* CustomOverlayView.xib */; };
		93CB919A1EEC1E9600DA4340 /* FiestaService.swift in Sources */ = {isa = PBXBuildFile; fileRef = 93CB91991EEC1E9600DA4340 /* FiestaService.swift */; };
		CDA84199D2F4372299A0C5AF /* Pods_fiestapp.framework in Frameworks */ = {isa = PBXBuildFile; fileRef = 66492BB5F9DEFE2E3CD84D5A /* Pods_fiestapp.framework */; };
/* End PBXBuildFile section */

/* Begin PBXFileReference section */
		4B9BCFC6672A8773A1FC2AF2 /* Pods-fiestapp.debug.xcconfig */ = {isa = PBXFileReference; includeInIndex = 1; lastKnownFileType = text.xcconfig; name = "Pods-fiestapp.debug.xcconfig"; path = "Pods/Target Support Files/Pods-fiestapp/Pods-fiestapp.debug.xcconfig"; sourceTree = "<group>"; };
		66492BB5F9DEFE2E3CD84D5A /* Pods_fiestapp.framework */ = {isa = PBXFileReference; explicitFileType = wrapper.framework; includeInIndex = 0; path = Pods_fiestapp.framework; sourceTree = BUILT_PRODUCTS_DIR; };
		930430451F182BB100741DFC /* CerrarSesionViewController.swift */ = {isa = PBXFileReference; fileEncoding = 4; lastKnownFileType = sourcecode.swift; path = CerrarSesionViewController.swift; sourceTree = "<group>"; };
		931C5ABB1EEC4B6100BD0C0C /* FacebookService.swift */ = {isa = PBXFileReference; fileEncoding = 4; lastKnownFileType = sourcecode.swift; path = FacebookService.swift; sourceTree = "<group>"; };
		931C5AD01EEDE16D00BD0C0C /* SwipeCardLike.png */ = {isa = PBXFileReference; lastKnownFileType = image.png; path = SwipeCardLike.png; sourceTree = "<group>"; };
		931C5AD11EEDE16D00BD0C0C /* SwipeCardLike@2x.png */ = {isa = PBXFileReference; lastKnownFileType = image.png; path = "SwipeCardLike@2x.png"; sourceTree = "<group>"; };
		931C5AD21EEDE16D00BD0C0C /* SwipeCardLike@3x.png */ = {isa = PBXFileReference; lastKnownFileType = image.png; path = "SwipeCardLike@3x.png"; sourceTree = "<group>"; };
		931C5AD61EEDE51000BD0C0C /* SwipeCardNope.png */ = {isa = PBXFileReference; lastKnownFileType = image.png; path = SwipeCardNope.png; sourceTree = "<group>"; };
		931C5AD71EEDE51000BD0C0C /* SwipeCardNope@2x.png */ = {isa = PBXFileReference; lastKnownFileType = image.png; path = "SwipeCardNope@2x.png"; sourceTree = "<group>"; };
		931C5AD81EEDE51000BD0C0C /* SwipeCardNope@3x.png */ = {isa = PBXFileReference; lastKnownFileType = image.png; path = "SwipeCardNope@3x.png"; sourceTree = "<group>"; };
		932AF13E1EE8909300BB0D1F /* Common.swift */ = {isa = PBXFileReference; fileEncoding = 4; lastKnownFileType = sourcecode.swift; path = Common.swift; sourceTree = "<group>"; };
		932AF1471EE8975400BB0D1F /* FiestaModel.swift */ = {isa = PBXFileReference; fileEncoding = 4; lastKnownFileType = sourcecode.swift; path = FiestaModel.swift; sourceTree = "<group>"; };
		932AF1481EE8975400BB0D1F /* FIRObject.swift */ = {isa = PBXFileReference; fileEncoding = 4; lastKnownFileType = sourcecode.swift; path = FIRObject.swift; sourceTree = "<group>"; };
		932AF1491EE8975400BB0D1F /* UbicacionModel.swift */ = {isa = PBXFileReference; fileEncoding = 4; lastKnownFileType = sourcecode.swift; path = UbicacionModel.swift; sourceTree = "<group>"; };
		932AF14E1EE897D100BB0D1F /* FirebaseService.swift */ = {isa = PBXFileReference; fileEncoding = 4; lastKnownFileType = sourcecode.swift; path = FirebaseService.swift; sourceTree = "<group>"; };
		932AF1541EE8A3CF00BB0D1F /* FiestaTableViewController.swift */ = {isa = PBXFileReference; fileEncoding = 4; lastKnownFileType = sourcecode.swift; path = FiestaTableViewController.swift; sourceTree = "<group>"; };
		932AF1561EE8A3CF00BB0D1F /* InformacionTableViewCell.swift */ = {isa = PBXFileReference; fileEncoding = 4; lastKnownFileType = sourcecode.swift; path = InformacionTableViewCell.swift; sourceTree = "<group>"; };
		932AF1571EE8A3CF00BB0D1F /* MeGustasTableViewCell.swift */ = {isa = PBXFileReference; fileEncoding = 4; lastKnownFileType = sourcecode.swift; path = MeGustasTableViewCell.swift; sourceTree = "<group>"; };
		932AF1591EE8A3CF00BB0D1F /* LoginViewController.swift */ = {isa = PBXFileReference; fileEncoding = 4; lastKnownFileType = sourcecode.swift; path = LoginViewController.swift; sourceTree = "<group>"; };
		932AF15B1EE8A3CF00BB0D1F /* BackgroundAnimationViewController.swift */ = {isa = PBXFileReference; fileEncoding = 4; lastKnownFileType = sourcecode.swift; path = BackgroundAnimationViewController.swift; sourceTree = "<group>"; };
		932AF15C1EE8A3CF00BB0D1F /* BackgroundKolodaAnimator.swift */ = {isa = PBXFileReference; fileEncoding = 4; lastKnownFileType = sourcecode.swift; path = BackgroundKolodaAnimator.swift; sourceTree = "<group>"; };
		932AF1631EE8A3CF00BB0D1F /* MisFiestasTableViewController.swift */ = {isa = PBXFileReference; fileEncoding = 4; lastKnownFileType = sourcecode.swift; path = MisFiestasTableViewController.swift; sourceTree = "<group>"; };
		932AF1641EE8A3CF00BB0D1F /* MisFiestasViewController.swift */ = {isa = PBXFileReference; fileEncoding = 4; lastKnownFileType = sourcecode.swift; path = MisFiestasViewController.swift; sourceTree = "<group>"; };
		932AF1661EE8A3CF00BB0D1F /* NotificacionesViewController.swift */ = {isa = PBXFileReference; fileEncoding = 4; lastKnownFileType = sourcecode.swift; path = NotificacionesViewController.swift; sourceTree = "<group>"; };
		932AF1681EE8A3CF00BB0D1F /* NuevaFiestaViewController.swift */ = {isa = PBXFileReference; fileEncoding = 4; lastKnownFileType = sourcecode.swift; path = NuevaFiestaViewController.swift; sourceTree = "<group>"; };
		932AF17F1EE8A6D400BB0D1F /* AppDelegate.swift */ = {isa = PBXFileReference; fileEncoding = 4; lastKnownFileType = sourcecode.swift; name = AppDelegate.swift; path = Fiestapp/AppDelegate.swift; sourceTree = SOURCE_ROOT; };
		932AF1801EE8A6D500BB0D1F /* GoogleService-Info.plist */ = {isa = PBXFileReference; fileEncoding = 4; lastKnownFileType = text.plist.xml; name = "GoogleService-Info.plist"; path = "Fiestapp/GoogleService-Info.plist"; sourceTree = SOURCE_ROOT; };
		932AF1811EE8A6D500BB0D1F /* Info.plist */ = {isa = PBXFileReference; fileEncoding = 4; lastKnownFileType = text.plist.xml; name = Info.plist; path = Fiestapp/Info.plist; sourceTree = SOURCE_ROOT; };
		932AF1871EE8A81500BB0D1F /* Ubuntu-B.ttf */ = {isa = PBXFileReference; lastKnownFileType = file; path = "Ubuntu-B.ttf"; sourceTree = "<group>"; };
		932AF1881EE8A81500BB0D1F /* Ubuntu-BI.ttf */ = {isa = PBXFileReference; lastKnownFileType = file; path = "Ubuntu-BI.ttf"; sourceTree = "<group>"; };
		932AF1891EE8A81500BB0D1F /* Ubuntu-C.ttf */ = {isa = PBXFileReference; lastKnownFileType = file; path = "Ubuntu-C.ttf"; sourceTree = "<group>"; };
		932AF18A1EE8A81500BB0D1F /* Ubuntu-L.ttf */ = {isa = PBXFileReference; lastKnownFileType = file; path = "Ubuntu-L.ttf"; sourceTree = "<group>"; };
		932AF18B1EE8A81500BB0D1F /* Ubuntu-LI.ttf */ = {isa = PBXFileReference; lastKnownFileType = file; path = "Ubuntu-LI.ttf"; sourceTree = "<group>"; };
		932AF18C1EE8A81500BB0D1F /* Ubuntu-M.ttf */ = {isa = PBXFileReference; lastKnownFileType = file; path = "Ubuntu-M.ttf"; sourceTree = "<group>"; };
		932AF18D1EE8A81500BB0D1F /* Ubuntu-MI.ttf */ = {isa = PBXFileReference; lastKnownFileType = file; path = "Ubuntu-MI.ttf"; sourceTree = "<group>"; };
		932AF18E1EE8A81500BB0D1F /* Ubuntu-R.ttf */ = {isa = PBXFileReference; lastKnownFileType = file; path = "Ubuntu-R.ttf"; sourceTree = "<group>"; };
		932AF18F1EE8A81500BB0D1F /* Ubuntu-RI.ttf */ = {isa = PBXFileReference; lastKnownFileType = file; path = "Ubuntu-RI.ttf"; sourceTree = "<group>"; };
		932AF1911EE8A81500BB0D1F /* ic_action_add_circle@2x.png */ = {isa = PBXFileReference; lastKnownFileType = image.png; path = "ic_action_add_circle@2x.png"; sourceTree = "<group>"; };
		932AF1921EE8A81500BB0D1F /* ic_action_add_circle@3x.png */ = {isa = PBXFileReference; lastKnownFileType = image.png; path = "ic_action_add_circle@3x.png"; sourceTree = "<group>"; };
		932AF1931EE8A81500BB0D1F /* ic_action_notifications@2x.png */ = {isa = PBXFileReference; lastKnownFileType = image.png; path = "ic_action_notifications@2x.png"; sourceTree = "<group>"; };
		932AF1941EE8A81500BB0D1F /* ic_action_notifications@3x.png */ = {isa = PBXFileReference; lastKnownFileType = image.png; path = "ic_action_notifications@3x.png"; sourceTree = "<group>"; };
		932AF1951EE8A81500BB0D1F /* IconBack@2x.png */ = {isa = PBXFileReference; lastKnownFileType = image.png; path = "IconBack@2x.png"; sourceTree = "<group>"; };
		932AF1961EE8A81500BB0D1F /* IconBack@3x.png */ = {isa = PBXFileReference; lastKnownFileType = image.png; path = "IconBack@3x.png"; sourceTree = "<group>"; };
		932AF1971EE8A81500BB0D1F /* IconLogout@2x.png */ = {isa = PBXFileReference; lastKnownFileType = image.png; path = "IconLogout@2x.png"; sourceTree = "<group>"; };
		932AF1981EE8A81500BB0D1F /* IconLogout@3x.png */ = {isa = PBXFileReference; lastKnownFileType = image.png; path = "IconLogout@3x.png"; sourceTree = "<group>"; };
		932AF1991EE8A81500BB0D1F /* iconTab1@2x.png */ = {isa = PBXFileReference; lastKnownFileType = image.png; path = "iconTab1@2x.png"; sourceTree = "<group>"; };
		932AF19A1EE8A81500BB0D1F /* iconTab1@3x.png */ = {isa = PBXFileReference; lastKnownFileType = image.png; path = "iconTab1@3x.png"; sourceTree = "<group>"; };
		932AF19D1EE8A81500BB0D1F /* Bg_profile_fiesta.png */ = {isa = PBXFileReference; lastKnownFileType = image.png; path = Bg_profile_fiesta.png; sourceTree = "<group>"; };
		932AF1A01EE8A81500BB0D1F /* bonete.png */ = {isa = PBXFileReference; lastKnownFileType = image.png; path = bonete.png; sourceTree = "<group>"; };
		932AF1A11EE8A81500BB0D1F /* Branding.png */ = {isa = PBXFileReference; lastKnownFileType = image.png; path = Branding.png; sourceTree = "<group>"; };
		932AF1A21EE8A81500BB0D1F /* Branding@2x.png */ = {isa = PBXFileReference; lastKnownFileType = image.png; path = "Branding@2x.png"; sourceTree = "<group>"; };
		932AF1A31EE8A81500BB0D1F /* Branding@3x.png */ = {isa = PBXFileReference; lastKnownFileType = image.png; path = "Branding@3x.png"; sourceTree = "<group>"; };
		932AF1A51EE8A81500BB0D1F /* btn_facebook.png */ = {isa = PBXFileReference; lastKnownFileType = image.png; path = btn_facebook.png; sourceTree = "<group>"; };
		932AF1A61EE8A81500BB0D1F /* btn_facebook@2x.png */ = {isa = PBXFileReference; lastKnownFileType = image.png; path = "btn_facebook@2x.png"; sourceTree = "<group>"; };
		932AF1A71EE8A81500BB0D1F /* btn_facebook@3x.png */ = {isa = PBXFileReference; lastKnownFileType = image.png; path = "btn_facebook@3x.png"; sourceTree = "<group>"; };
		932AF1C51EE8A95600BB0D1F /* FiestaTableViewCell.swift */ = {isa = PBXFileReference; fileEncoding = 4; lastKnownFileType = sourcecode.swift; path = FiestaTableViewCell.swift; sourceTree = "<group>"; };
		93567AE51EC25BA700056124 /* fiestapp.app */ = {isa = PBXFileReference; explicitFileType = wrapper.application; includeInIndex = 0; path = fiestapp.app; sourceTree = BUILT_PRODUCTS_DIR; };
		93567AED1EC25BA700056124 /* Base */ = {isa = PBXFileReference; lastKnownFileType = file.storyboard; name = Base; path = Base.lproj/Main.storyboard; sourceTree = "<group>"; };
		93567AEF1EC25BA700056124 /* Assets.xcassets */ = {isa = PBXFileReference; lastKnownFileType = folder.assetcatalog; path = Assets.xcassets; sourceTree = "<group>"; };
		93567AF21EC25BA700056124 /* Base */ = {isa = PBXFileReference; lastKnownFileType = file.storyboard; name = Base; path = Base.lproj/LaunchScreen.storyboard; sourceTree = "<group>"; };
		936E375B1F0C1DF2005C0E8E /* MeGustasSinResultadosViewController.swift */ = {isa = PBXFileReference; fileEncoding = 4; lastKnownFileType = sourcecode.swift; path = MeGustasSinResultadosViewController.swift; sourceTree = "<group>"; };
		937392A11EEC48E300DADD23 /* UsuarioModel.swift */ = {isa = PBXFileReference; fileEncoding = 4; lastKnownFileType = sourcecode.swift; path = UsuarioModel.swift; sourceTree = "<group>"; };
		93A374D61F082DE60001FA12 /* MeGustasService.swift */ = {isa = PBXFileReference; fileEncoding = 4; lastKnownFileType = sourcecode.swift; path = MeGustasService.swift; sourceTree = "<group>"; };
		93A374E41F085C7E0001FA12 /* ic_matches.png */ = {isa = PBXFileReference; lastKnownFileType = image.png; path = ic_matches.png; sourceTree = "<group>"; };
		93A374E51F085C7E0001FA12 /* ic_matches@2x.png */ = {isa = PBXFileReference; lastKnownFileType = image.png; path = "ic_matches@2x.png"; sourceTree = "<group>"; };
		93A374E61F085C7E0001FA12 /* ic_matches@3x.png */ = {isa = PBXFileReference; lastKnownFileType = image.png; path = "ic_matches@3x.png"; sourceTree = "<group>"; };
		93A374F01F0863120001FA12 /* MatchesTableViewController.swift */ = {isa = PBXFileReference; fileEncoding = 4; lastKnownFileType = sourcecode.swift; path = MatchesTableViewController.swift; sourceTree = "<group>"; };
		93A374F31F0863280001FA12 /* MatchTableViewCell.swift */ = {isa = PBXFileReference; fileEncoding = 4; lastKnownFileType = sourcecode.swift; path = MatchTableViewCell.swift; sourceTree = "<group>"; };
		93A374F51F0866730001FA12 /* MatchesViewController.swift */ = {isa = PBXFileReference; fileEncoding = 4; lastKnownFileType = sourcecode.swift; path = MatchesViewController.swift; sourceTree = "<group>"; };
		93A374FA1F0868D20001FA12 /* HomeViewController.swift */ = {isa = PBXFileReference; fileEncoding = 4; lastKnownFileType = sourcecode.swift; path = HomeViewController.swift; sourceTree = "<group>"; };
		93A60DD41F0FA2E300C49A07 /* EnumFiestasCell.swift */ = {isa = PBXFileReference; fileEncoding = 4; lastKnownFileType = sourcecode.swift; path = EnumFiestasCell.swift; sourceTree = "<group>"; };
		93A60DD51F0FA2E300C49A07 /* EnumFuncionalidades.swift */ = {isa = PBXFileReference; fileEncoding = 4; lastKnownFileType = sourcecode.swift; path = EnumFuncionalidades.swift; sourceTree = "<group>"; };
		93A60DD61F0FA2E300C49A07 /* EnumGenero.swift */ = {isa = PBXFileReference; fileEncoding = 4; lastKnownFileType = sourcecode.swift; path = EnumGenero.swift; sourceTree = "<group>"; };
		93A60DD71F0FA2E300C49A07 /* EnumReaccionesMeGustas.swift */ = {isa = PBXFileReference; fileEncoding = 4; lastKnownFileType = sourcecode.swift; path = EnumReaccionesMeGustas.swift; sourceTree = "<group>"; };
		93A60DD91F0FA2E300C49A07 /* ArrayExtension.swift */ = {isa = PBXFileReference; fileEncoding = 4; lastKnownFileType = sourcecode.swift; path = ArrayExtension.swift; sourceTree = "<group>"; };
		93A60DDA1F0FA2E300C49A07 /* UIColorExtension.swift */ = {isa = PBXFileReference; fileEncoding = 4; lastKnownFileType = sourcecode.swift; path = UIColorExtension.swift; sourceTree = "<group>"; };
		93A60DDB1F0FA2E300C49A07 /* UIImageViewExtension.swift */ = {isa = PBXFileReference; fileEncoding = 4; lastKnownFileType = sourcecode.swift; path = UIImageViewExtension.swift; sourceTree = "<group>"; };
		93A60DDC1F0FA2E300C49A07 /* UIViewExtension.swift */ = {isa = PBXFileReference; fileEncoding = 4; lastKnownFileType = sourcecode.swift; path = UIViewExtension.swift; sourceTree = "<group>"; };
		93ADDC091EF597BF00D48DA0 /* ProgressOverlayView.swift */ = {isa = PBXFileReference; fileEncoding = 4; lastKnownFileType = sourcecode.swift; path = ProgressOverlayView.swift; sourceTree = "<group>"; };
		93ADDC0B1EF68F6000D48DA0 /* ic_meGustasCell.png */ = {isa = PBXFileReference; lastKnownFileType = image.png; path = ic_meGustasCell.png; sourceTree = "<group>"; };
		93ADDC0C1EF68F6000D48DA0 /* ic_meGustasCell@2x.png */ = {isa = PBXFileReference; lastKnownFileType = image.png; path = "ic_meGustasCell@2x.png"; sourceTree = "<group>"; };
		93CB91771EEAE60800DA4340 /* ic_nope.png */ = {isa = PBXFileReference; lastKnownFileType = image.png; path = ic_nope.png; sourceTree = "<group>"; };
		93CB91781EEAE60900DA4340 /* ic_nope@2x.png */ = {isa = PBXFileReference; lastKnownFileType = image.png; path = "ic_nope@2x.png"; sourceTree = "<group>"; };
		93CB91791EEAE60900DA4340 /* ic_nope@3x.png */ = {isa = PBXFileReference; lastKnownFileType = image.png; path = "ic_nope@3x.png"; sourceTree = "<group>"; };
		93CB917D1EEAE69600DA4340 /* ic_like.png */ = {isa = PBXFileReference; lastKnownFileType = image.png; path = ic_like.png; sourceTree = "<group>"; };
		93CB917E1EEAE69600DA4340 /* ic_like@2x.png */ = {isa = PBXFileReference; lastKnownFileType = image.png; path = "ic_like@2x.png"; sourceTree = "<group>"; };
		93CB917F1EEAE69600DA4340 /* ic_like@3x.png */ = {isa = PBXFileReference; lastKnownFileType = image.png; path = "ic_like@3x.png"; sourceTree = "<group>"; };
		93CB918B1EEB0BC400DA4340 /* CustomKolodaView.swift */ = {isa = PBXFileReference; fileEncoding = 4; lastKnownFileType = sourcecode.swift; path = CustomKolodaView.swift; sourceTree = "<group>"; };
		93CB918C1EEB0BC400DA4340 /* CustomOverlayView.swift */ = {isa = PBXFileReference; fileEncoding = 4; lastKnownFileType = sourcecode.swift; path = CustomOverlayView.swift; sourceTree = "<group>"; };
		93CB91911EEB0C8800DA4340 /* ic_undo.png */ = {isa = PBXFileReference; lastKnownFileType = image.png; path = ic_undo.png; sourceTree = "<group>"; };
		93CB91921EEB0C8800DA4340 /* ic_undo@2x.png */ = {isa = PBXFileReference; lastKnownFileType = image.png; path = "ic_undo@2x.png"; sourceTree = "<group>"; };
		93CB91931EEB0C8800DA4340 /* ic_undo@3x.png */ = {isa = PBXFileReference; lastKnownFileType = image.png; path = "ic_undo@3x.png"; sourceTree = "<group>"; };
		93CB91971EEB123700DA4340 /* CustomOverlayView.xib */ = {isa = PBXFileReference; fileEncoding = 4; lastKnownFileType = file.xib; path = CustomOverlayView.xib; sourceTree = "<group>"; };
		93CB91991EEC1E9600DA4340 /* FiestaService.swift */ = {isa = PBXFileReference; fileEncoding = 4; lastKnownFileType = sourcecode.swift; path = FiestaService.swift; sourceTree = "<group>"; };
		9FC4EC719A4FA3C4D99471F4 /* Pods-fiestapp.release.xcconfig */ = {isa = PBXFileReference; includeInIndex = 1; lastKnownFileType = text.xcconfig; name = "Pods-fiestapp.release.xcconfig"; path = "Pods/Target Support Files/Pods-fiestapp/Pods-fiestapp.release.xcconfig"; sourceTree = "<group>"; };
/* End PBXFileReference section */

/* Begin PBXFrameworksBuildPhase section */
		93567AE21EC25BA700056124 /* Frameworks */ = {
			isa = PBXFrameworksBuildPhase;
			buildActionMask = 2147483647;
			files = (
				CDA84199D2F4372299A0C5AF /* Pods_fiestapp.framework in Frameworks */,
			);
			runOnlyForDeploymentPostprocessing = 0;
		};
/* End PBXFrameworksBuildPhase section */

/* Begin PBXGroup section */
		42711D6467F479731849A721 /* Pods */ = {
			isa = PBXGroup;
			children = (
				4B9BCFC6672A8773A1FC2AF2 /* Pods-fiestapp.debug.xcconfig */,
				9FC4EC719A4FA3C4D99471F4 /* Pods-fiestapp.release.xcconfig */,
			);
			name = Pods;
			sourceTree = "<group>";
		};
		931C5AC31EEDDFA900BD0C0C /* MeGustas */ = {
			isa = PBXGroup;
			children = (
				931C5AD01EEDE16D00BD0C0C /* SwipeCardLike.png */,
				931C5AD11EEDE16D00BD0C0C /* SwipeCardLike@2x.png */,
				931C5AD21EEDE16D00BD0C0C /* SwipeCardLike@3x.png */,
				931C5AD61EEDE51000BD0C0C /* SwipeCardNope.png */,
				931C5AD71EEDE51000BD0C0C /* SwipeCardNope@2x.png */,
				931C5AD81EEDE51000BD0C0C /* SwipeCardNope@3x.png */,
			);
			path = MeGustas;
			sourceTree = "<group>";
		};
		932AF13D1EE8909300BB0D1F /* Common */ = {
			isa = PBXGroup;
			children = (
				93A60DD31F0FA2E300C49A07 /* Enums */,
				93A60DD81F0FA2E300C49A07 /* Extensions */,
				932AF13E1EE8909300BB0D1F /* Common.swift */,
				93ADDC091EF597BF00D48DA0 /* ProgressOverlayView.swift */,
			);
			name = Common;
			path = Fiestapp/Common;
			sourceTree = SOURCE_ROOT;
		};
		932AF1461EE8975400BB0D1F /* Models */ = {
			isa = PBXGroup;
			children = (
				932AF1471EE8975400BB0D1F /* FiestaModel.swift */,
				932AF1481EE8975400BB0D1F /* FIRObject.swift */,
				932AF1491EE8975400BB0D1F /* UbicacionModel.swift */,
				937392A11EEC48E300DADD23 /* UsuarioModel.swift */,
			);
			name = Models;
			path = Fiestapp/Models;
			sourceTree = SOURCE_ROOT;
		};
		932AF14D1EE897D100BB0D1F /* Services */ = {
			isa = PBXGroup;
			children = (
				932AF14E1EE897D100BB0D1F /* FirebaseService.swift */,
				93CB91991EEC1E9600DA4340 /* FiestaService.swift */,
				931C5ABB1EEC4B6100BD0C0C /* FacebookService.swift */,
				93A374D61F082DE60001FA12 /* MeGustasService.swift */,
			);
			name = Services;
			path = Fiestapp/Services;
			sourceTree = SOURCE_ROOT;
		};
		932AF1521EE8A3CF00BB0D1F /* ViewControllers */ = {
			isa = PBXGroup;
			children = (
				932AF1531EE8A3CF00BB0D1F /* FiestaPerfil */,
				93A374F91F0868D20001FA12 /* Home */,
				932AF1581EE8A3CF00BB0D1F /* Login */,
				93A374EF1F0863120001FA12 /* Matches */,
				932AF15A1EE8A3CF00BB0D1F /* MeGustas */,
				932AF1611EE8A3CF00BB0D1F /* MisFiestas */,
				932AF1651EE8A3CF00BB0D1F /* Notificaciones */,
				932AF1671EE8A3CF00BB0D1F /* NuevaFiesta */,
			);
			name = ViewControllers;
			path = Fiestapp/ViewControllers;
			sourceTree = SOURCE_ROOT;
		};
		932AF1531EE8A3CF00BB0D1F /* FiestaPerfil */ = {
			isa = PBXGroup;
			children = (
				932AF1541EE8A3CF00BB0D1F /* FiestaTableViewController.swift */,
				932AF1551EE8A3CF00BB0D1F /* TableViewCells */,
			);
			path = FiestaPerfil;
			sourceTree = "<group>";
		};
		932AF1551EE8A3CF00BB0D1F /* TableViewCells */ = {
			isa = PBXGroup;
			children = (
				932AF1561EE8A3CF00BB0D1F /* InformacionTableViewCell.swift */,
				932AF1571EE8A3CF00BB0D1F /* MeGustasTableViewCell.swift */,
			);
			path = TableViewCells;
			sourceTree = "<group>";
		};
		932AF1581EE8A3CF00BB0D1F /* Login */ = {
			isa = PBXGroup;
			children = (
				93A374EC1F0862A70001FA12 /* Matches */,
				932AF1591EE8A3CF00BB0D1F /* LoginViewController.swift */,
			);
			path = Login;
			sourceTree = "<group>";
		};
		932AF15A1EE8A3CF00BB0D1F /* MeGustas */ = {
			isa = PBXGroup;
			children = (
				932AF15B1EE8A3CF00BB0D1F /* BackgroundAnimationViewController.swift */,
				932AF15C1EE8A3CF00BB0D1F /* BackgroundKolodaAnimator.swift */,
				93CB918B1EEB0BC400DA4340 /* CustomKolodaView.swift */,
				93CB918C1EEB0BC400DA4340 /* CustomOverlayView.swift */,
				936E375B1F0C1DF2005C0E8E /* MeGustasSinResultadosViewController.swift */,
			);
			path = MeGustas;
			sourceTree = "<group>";
		};
		932AF1611EE8A3CF00BB0D1F /* MisFiestas */ = {
			isa = PBXGroup;
			children = (
				932AF1631EE8A3CF00BB0D1F /* MisFiestasTableViewController.swift */,
				932AF1641EE8A3CF00BB0D1F /* MisFiestasViewController.swift */,
				932AF1C41EE8A95600BB0D1F /* TableViewCells */,
			);
			path = MisFiestas;
			sourceTree = "<group>";
		};
		932AF1651EE8A3CF00BB0D1F /* Notificaciones */ = {
			isa = PBXGroup;
			children = (
				932AF1661EE8A3CF00BB0D1F /* NotificacionesViewController.swift */,
			);
			path = Notificaciones;
			sourceTree = "<group>";
		};
		932AF1671EE8A3CF00BB0D1F /* NuevaFiesta */ = {
			isa = PBXGroup;
			children = (
				932AF1681EE8A3CF00BB0D1F /* NuevaFiestaViewController.swift */,
			);
			path = NuevaFiesta;
			sourceTree = "<group>";
		};
		932AF1851EE8A81500BB0D1F /* Assets */ = {
			isa = PBXGroup;
			children = (
				932AF1861EE8A81500BB0D1F /* Fonts */,
				932AF1901EE8A81500BB0D1F /* Icons */,
				932AF19B1EE8A81500BB0D1F /* Images */,
			);
			name = Assets;
			path = Fiestapp/Assets;
			sourceTree = SOURCE_ROOT;
		};
		932AF1861EE8A81500BB0D1F /* Fonts */ = {
			isa = PBXGroup;
			children = (
				932AF1871EE8A81500BB0D1F /* Ubuntu-B.ttf */,
				932AF1881EE8A81500BB0D1F /* Ubuntu-BI.ttf */,
				932AF1891EE8A81500BB0D1F /* Ubuntu-C.ttf */,
				932AF18A1EE8A81500BB0D1F /* Ubuntu-L.ttf */,
				932AF18B1EE8A81500BB0D1F /* Ubuntu-LI.ttf */,
				932AF18C1EE8A81500BB0D1F /* Ubuntu-M.ttf */,
				932AF18D1EE8A81500BB0D1F /* Ubuntu-MI.ttf */,
				932AF18E1EE8A81500BB0D1F /* Ubuntu-R.ttf */,
				932AF18F1EE8A81500BB0D1F /* Ubuntu-RI.ttf */,
			);
			path = Fonts;
			sourceTree = "<group>";
		};
		932AF1901EE8A81500BB0D1F /* Icons */ = {
			isa = PBXGroup;
			children = (
				93CB91761EEAE60800DA4340 /* MeGustas */,
				932AF1911EE8A81500BB0D1F /* ic_action_add_circle@2x.png */,
				932AF1921EE8A81500BB0D1F /* ic_action_add_circle@3x.png */,
				932AF1931EE8A81500BB0D1F /* ic_action_notifications@2x.png */,
				932AF1941EE8A81500BB0D1F /* ic_action_notifications@3x.png */,
				932AF1951EE8A81500BB0D1F /* IconBack@2x.png */,
				932AF1961EE8A81500BB0D1F /* IconBack@3x.png */,
				932AF1971EE8A81500BB0D1F /* IconLogout@2x.png */,
				932AF1981EE8A81500BB0D1F /* IconLogout@3x.png */,
				932AF1991EE8A81500BB0D1F /* iconTab1@2x.png */,
				932AF19A1EE8A81500BB0D1F /* iconTab1@3x.png */,
			);
			path = Icons;
			sourceTree = "<group>";
		};
		932AF19B1EE8A81500BB0D1F /* Images */ = {
			isa = PBXGroup;
			children = (
				931C5AC31EEDDFA900BD0C0C /* MeGustas */,
				932AF19C1EE8A81500BB0D1F /* FiestaPerfil */,
				932AF19F1EE8A81500BB0D1F /* LaunchScreen */,
				932AF1A41EE8A81500BB0D1F /* Login */,
			);
			path = Images;
			sourceTree = "<group>";
		};
		932AF19C1EE8A81500BB0D1F /* FiestaPerfil */ = {
			isa = PBXGroup;
			children = (
				932AF19D1EE8A81500BB0D1F /* Bg_profile_fiesta.png */,
			);
			path = FiestaPerfil;
			sourceTree = "<group>";
		};
		932AF19F1EE8A81500BB0D1F /* LaunchScreen */ = {
			isa = PBXGroup;
			children = (
				932AF1A01EE8A81500BB0D1F /* bonete.png */,
				932AF1A11EE8A81500BB0D1F /* Branding.png */,
				932AF1A21EE8A81500BB0D1F /* Branding@2x.png */,
				932AF1A31EE8A81500BB0D1F /* Branding@3x.png */,
			);
			path = LaunchScreen;
			sourceTree = "<group>";
		};
		932AF1A41EE8A81500BB0D1F /* Login */ = {
			isa = PBXGroup;
			children = (
				932AF1A51EE8A81500BB0D1F /* btn_facebook.png */,
				932AF1A61EE8A81500BB0D1F /* btn_facebook@2x.png */,
				932AF1A71EE8A81500BB0D1F /* btn_facebook@3x.png */,
			);
			path = Login;
			sourceTree = "<group>";
		};
		932AF1C41EE8A95600BB0D1F /* TableViewCells */ = {
			isa = PBXGroup;
			children = (
				932AF1C51EE8A95600BB0D1F /* FiestaTableViewCell.swift */,
			);
			path = TableViewCells;
			sourceTree = "<group>";
		};
		93567ADC1EC25BA700056124 = {
			isa = PBXGroup;
			children = (
				93567AE71EC25BA700056124 /* fiestapp */,
				93567AE61EC25BA700056124 /* Products */,
				42711D6467F479731849A721 /* Pods */,
				DEAB49D17F25CEACD12AD3CB /* Frameworks */,
			);
			sourceTree = "<group>";
		};
		93567AE61EC25BA700056124 /* Products */ = {
			isa = PBXGroup;
			children = (
				93567AE51EC25BA700056124 /* fiestapp.app */,
			);
			name = Products;
			sourceTree = "<group>";
		};
		93567AE71EC25BA700056124 /* fiestapp */ = {
			isa = PBXGroup;
			children = (
				932AF1801EE8A6D500BB0D1F /* GoogleService-Info.plist */,
				932AF1811EE8A6D500BB0D1F /* Info.plist */,
				932AF17F1EE8A6D400BB0D1F /* AppDelegate.swift */,
				93567AEF1EC25BA700056124 /* Assets.xcassets */,
				932AF1851EE8A81500BB0D1F /* Assets */,
				932AF13D1EE8909300BB0D1F /* Common */,
				93567AF11EC25BA700056124 /* LaunchScreen.storyboard */,
				93567AEC1EC25BA700056124 /* Main.storyboard */,
				932AF1461EE8975400BB0D1F /* Models */,
				932AF14D1EE897D100BB0D1F /* Services */,
				932AF1521EE8A3CF00BB0D1F /* ViewControllers */,
				93CB91831EEAE96300DA4340 /* Xibs */,
			);
			path = fiestapp;
			sourceTree = "<group>";
		};
		93A374EC1F0862A70001FA12 /* Matches */ = {
			isa = PBXGroup;
			children = (
			);
			name = Matches;
			path = Fiestapp/ViewControllers/Matches;
			sourceTree = SOURCE_ROOT;
		};
		93A374EF1F0863120001FA12 /* Matches */ = {
			isa = PBXGroup;
			children = (
				93A374F01F0863120001FA12 /* MatchesTableViewController.swift */,
				93A374F51F0866730001FA12 /* MatchesViewController.swift */,
				93A374F11F0863120001FA12 /* TableViewCells */,
			);
			path = Matches;
			sourceTree = "<group>";
		};
		93A374F11F0863120001FA12 /* TableViewCells */ = {
			isa = PBXGroup;
			children = (
				93A374F31F0863280001FA12 /* MatchTableViewCell.swift */,
			);
			path = TableViewCells;
			sourceTree = "<group>";
		};
		93A374F91F0868D20001FA12 /* Home */ = {
			isa = PBXGroup;
			children = (
				93A374FA1F0868D20001FA12 /* HomeViewController.swift */,
				930430451F182BB100741DFC /* CerrarSesionViewController.swift */,
			);
			path = Home;
			sourceTree = "<group>";
		};
		93A60DD31F0FA2E300C49A07 /* Enums */ = {
			isa = PBXGroup;
			children = (
				93A60DD41F0FA2E300C49A07 /* EnumFiestasCell.swift */,
				93A60DD51F0FA2E300C49A07 /* EnumFuncionalidades.swift */,
				93A60DD61F0FA2E300C49A07 /* EnumGenero.swift */,
				93A60DD71F0FA2E300C49A07 /* EnumReaccionesMeGustas.swift */,
			);
			path = Enums;
			sourceTree = "<group>";
		};
		93A60DD81F0FA2E300C49A07 /* Extensions */ = {
			isa = PBXGroup;
			children = (
				93A60DD91F0FA2E300C49A07 /* ArrayExtension.swift */,
				93A60DDA1F0FA2E300C49A07 /* UIColorExtension.swift */,
				93A60DDB1F0FA2E300C49A07 /* UIImageViewExtension.swift */,
				93A60DDC1F0FA2E300C49A07 /* UIViewExtension.swift */,
			);
			path = Extensions;
			sourceTree = "<group>";
		};
		93CB91761EEAE60800DA4340 /* MeGustas */ = {
			isa = PBXGroup;
			children = (
				93A374E41F085C7E0001FA12 /* ic_matches.png */,
				93A374E51F085C7E0001FA12 /* ic_matches@2x.png */,
				93A374E61F085C7E0001FA12 /* ic_matches@3x.png */,
				93CB91911EEB0C8800DA4340 /* ic_undo.png */,
				93CB91921EEB0C8800DA4340 /* ic_undo@2x.png */,
				93CB91931EEB0C8800DA4340 /* ic_undo@3x.png */,
				93CB917D1EEAE69600DA4340 /* ic_like.png */,
				93CB917E1EEAE69600DA4340 /* ic_like@2x.png */,
				93CB917F1EEAE69600DA4340 /* ic_like@3x.png */,
				93ADDC0B1EF68F6000D48DA0 /* ic_meGustasCell.png */,
				93ADDC0C1EF68F6000D48DA0 /* ic_meGustasCell@2x.png */,
				93CB91771EEAE60800DA4340 /* ic_nope.png */,
				93CB91781EEAE60900DA4340 /* ic_nope@2x.png */,
				93CB91791EEAE60900DA4340 /* ic_nope@3x.png */,
			);
			path = MeGustas;
			sourceTree = "<group>";
		};
		93CB91831EEAE96300DA4340 /* Xibs */ = {
			isa = PBXGroup;
			children = (
				93CB91841EEAE96300DA4340 /* MeGustas */,
			);
			name = Xibs;
			path = Fiestapp/Xibs;
			sourceTree = SOURCE_ROOT;
		};
		93CB91841EEAE96300DA4340 /* MeGustas */ = {
			isa = PBXGroup;
			children = (
				93CB91971EEB123700DA4340 /* CustomOverlayView.xib */,
			);
			path = MeGustas;
			sourceTree = "<group>";
		};
		DEAB49D17F25CEACD12AD3CB /* Frameworks */ = {
			isa = PBXGroup;
			children = (
				66492BB5F9DEFE2E3CD84D5A /* Pods_fiestapp.framework */,
			);
			name = Frameworks;
			sourceTree = "<group>";
		};
/* End PBXGroup section */

/* Begin PBXNativeTarget section */
		93567AE41EC25BA700056124 /* fiestapp */ = {
			isa = PBXNativeTarget;
			buildConfigurationList = 93567AF71EC25BA700056124 /* Build configuration list for PBXNativeTarget "fiestapp" */;
			buildPhases = (
				97681F82FCABC3EBB3BB39BA /* [CP] Check Pods Manifest.lock */,
				93567AE11EC25BA700056124 /* Sources */,
				93567AE21EC25BA700056124 /* Frameworks */,
				93567AE31EC25BA700056124 /* Resources */,
				3EAC8D01A3A81EA6BC02E78E /* [CP] Embed Pods Frameworks */,
				D5FF4CBC65F6A9ED1A7A6A8F /* [CP] Copy Pods Resources */,
			);
			buildRules = (
			);
			dependencies = (
			);
			name = fiestapp;
			productName = fiestapp;
			productReference = 93567AE51EC25BA700056124 /* fiestapp.app */;
			productType = "com.apple.product-type.application";
		};
/* End PBXNativeTarget section */

/* Begin PBXProject section */
		93567ADD1EC25BA700056124 /* Project object */ = {
			isa = PBXProject;
			attributes = {
				LastSwiftUpdateCheck = 0830;
				LastUpgradeCheck = 0830;
				ORGANIZATIONNAME = Mint;
				TargetAttributes = {
					93567AE41EC25BA700056124 = {
						CreatedOnToolsVersion = 8.3.2;
						DevelopmentTeam = L98G23Y6A4;
						ProvisioningStyle = Automatic;
					};
				};
			};
			buildConfigurationList = 93567AE01EC25BA700056124 /* Build configuration list for PBXProject "Fiestapp" */;
			compatibilityVersion = "Xcode 3.2";
			developmentRegion = English;
			hasScannedForEncodings = 0;
			knownRegions = (
				en,
				Base,
			);
			mainGroup = 93567ADC1EC25BA700056124;
			productRefGroup = 93567AE61EC25BA700056124 /* Products */;
			projectDirPath = "";
			projectRoot = "";
			targets = (
				93567AE41EC25BA700056124 /* fiestapp */,
			);
		};
/* End PBXProject section */

/* Begin PBXResourcesBuildPhase section */
		93567AE31EC25BA700056124 /* Resources */ = {
			isa = PBXResourcesBuildPhase;
			buildActionMask = 2147483647;
			files = (
				932AF1B31EE8A81500BB0D1F /* ic_action_notifications@2x.png in Resources */,
				93A374E91F085C7E0001FA12 /* ic_matches@3x.png in Resources */,
				932AF1A81EE8A81500BB0D1F /* Ubuntu-B.ttf in Resources */,
				932AF1B41EE8A81500BB0D1F /* ic_action_notifications@3x.png in Resources */,
				932AF1BF1EE8A81500BB0D1F /* Branding@2x.png in Resources */,
				93ADDC0D1EF68F6000D48DA0 /* ic_meGustasCell.png in Resources */,
				932AF1A91EE8A81500BB0D1F /* Ubuntu-BI.ttf in Resources */,
				931C5ADA1EEDE51000BD0C0C /* SwipeCardNope@2x.png in Resources */,
				93CB91811EEAE69600DA4340 /* ic_like@2x.png in Resources */,
				93567AF31EC25BA700056124 /* LaunchScreen.storyboard in Resources */,
				932AF1AE1EE8A81500BB0D1F /* Ubuntu-MI.ttf in Resources */,
				932AF1BD1EE8A81500BB0D1F /* bonete.png in Resources */,
				932AF1C01EE8A81500BB0D1F /* Branding@3x.png in Resources */,
				93ADDC0E1EF68F6000D48DA0 /* ic_meGustasCell@2x.png in Resources */,
				93CB91951EEB0C8800DA4340 /* ic_undo@2x.png in Resources */,
				932AF1BA1EE8A81500BB0D1F /* iconTab1@3x.png in Resources */,
				932AF1B01EE8A81500BB0D1F /* Ubuntu-RI.ttf in Resources */,
				932AF1AA1EE8A81500BB0D1F /* Ubuntu-C.ttf in Resources */,
				93CB91801EEAE69600DA4340 /* ic_like.png in Resources */,
				93A374E81F085C7E0001FA12 /* ic_matches@2x.png in Resources */,
				931C5AD51EEDE16D00BD0C0C /* SwipeCardLike@3x.png in Resources */,
				932AF1831EE8A6D500BB0D1F /* GoogleService-Info.plist in Resources */,
				93CB91961EEB0C8800DA4340 /* ic_undo@3x.png in Resources */,
				93CB917A1EEAE60900DA4340 /* ic_nope.png in Resources */,
				932AF1C21EE8A81500BB0D1F /* btn_facebook@2x.png in Resources */,
				93CB91981EEB123700DA4340 /* CustomOverlayView.xib in Resources */,
				93567AF01EC25BA700056124 /* Assets.xcassets in Resources */,
				932AF1C31EE8A81500BB0D1F /* btn_facebook@3x.png in Resources */,
				93CB91941EEB0C8800DA4340 /* ic_undo.png in Resources */,
				93CB917C1EEAE60900DA4340 /* ic_nope@3x.png in Resources */,
				932AF1BE1EE8A81500BB0D1F /* Branding.png in Resources */,
				931C5ADB1EEDE51000BD0C0C /* SwipeCardNope@3x.png in Resources */,
				932AF1B11EE8A81500BB0D1F /* ic_action_add_circle@2x.png in Resources */,
				93CB91821EEAE69600DA4340 /* ic_like@3x.png in Resources */,
				932AF1AC1EE8A81500BB0D1F /* Ubuntu-LI.ttf in Resources */,
				932AF1B71EE8A81500BB0D1F /* IconLogout@2x.png in Resources */,
				932AF1B91EE8A81500BB0D1F /* iconTab1@2x.png in Resources */,
				93A374E71F085C7E0001FA12 /* ic_matches.png in Resources */,
				931C5AD31EEDE16D00BD0C0C /* SwipeCardLike.png in Resources */,
				932AF1AB1EE8A81500BB0D1F /* Ubuntu-L.ttf in Resources */,
				931C5AD91EEDE51000BD0C0C /* SwipeCardNope.png in Resources */,
				932AF1B21EE8A81500BB0D1F /* ic_action_add_circle@3x.png in Resources */,
				932AF1C11EE8A81500BB0D1F /* btn_facebook.png in Resources */,
				932AF1BB1EE8A81500BB0D1F /* Bg_profile_fiesta.png in Resources */,
				932AF1841EE8A6D500BB0D1F /* Info.plist in Resources */,
				932AF1B81EE8A81500BB0D1F /* IconLogout@3x.png in Resources */,
				93CB917B1EEAE60900DA4340 /* ic_nope@2x.png in Resources */,
				931C5AD41EEDE16D00BD0C0C /* SwipeCardLike@2x.png in Resources */,
				93567AEE1EC25BA700056124 /* Main.storyboard in Resources */,
				932AF1AF1EE8A81500BB0D1F /* Ubuntu-R.ttf in Resources */,
				932AF1AD1EE8A81500BB0D1F /* Ubuntu-M.ttf in Resources */,
				932AF1B51EE8A81500BB0D1F /* IconBack@2x.png in Resources */,
				932AF1B61EE8A81500BB0D1F /* IconBack@3x.png in Resources */,
			);
			runOnlyForDeploymentPostprocessing = 0;
		};
/* End PBXResourcesBuildPhase section */

/* Begin PBXShellScriptBuildPhase section */
		3EAC8D01A3A81EA6BC02E78E /* [CP] Embed Pods Frameworks */ = {
			isa = PBXShellScriptBuildPhase;
			buildActionMask = 2147483647;
			files = (
			);
			inputPaths = (
			);
			name = "[CP] Embed Pods Frameworks";
			outputPaths = (
			);
			runOnlyForDeploymentPostprocessing = 0;
			shellPath = /bin/sh;
			shellScript = "\"${SRCROOT}/Pods/Target Support Files/Pods-fiestapp/Pods-fiestapp-frameworks.sh\"\n";
			showEnvVarsInLog = 0;
		};
		97681F82FCABC3EBB3BB39BA /* [CP] Check Pods Manifest.lock */ = {
			isa = PBXShellScriptBuildPhase;
			buildActionMask = 2147483647;
			files = (
			);
			inputPaths = (
			);
			name = "[CP] Check Pods Manifest.lock";
			outputPaths = (
			);
			runOnlyForDeploymentPostprocessing = 0;
			shellPath = /bin/sh;
			shellScript = "diff \"${PODS_PODFILE_DIR_PATH}/Podfile.lock\" \"${PODS_ROOT}/Manifest.lock\" > /dev/null\nif [ $? != 0 ] ; then\n    # print error to STDERR\n    echo \"error: The sandbox is not in sync with the Podfile.lock. Run 'pod install' or update your CocoaPods installation.\" >&2\n    exit 1\nfi\n";
			showEnvVarsInLog = 0;
		};
		D5FF4CBC65F6A9ED1A7A6A8F /* [CP] Copy Pods Resources */ = {
			isa = PBXShellScriptBuildPhase;
			buildActionMask = 2147483647;
			files = (
			);
			inputPaths = (
			);
			name = "[CP] Copy Pods Resources";
			outputPaths = (
			);
			runOnlyForDeploymentPostprocessing = 0;
			shellPath = /bin/sh;
			shellScript = "\"${SRCROOT}/Pods/Target Support Files/Pods-fiestapp/Pods-fiestapp-resources.sh\"\n";
			showEnvVarsInLog = 0;
		};
/* End PBXShellScriptBuildPhase section */

/* Begin PBXSourcesBuildPhase section */
		93567AE11EC25BA700056124 /* Sources */ = {
			isa = PBXSourcesBuildPhase;
			buildActionMask = 2147483647;
			files = (
				93A60DDF1F0FA2E300C49A07 /* EnumGenero.swift in Sources */,
				93A60DE11F0FA2E300C49A07 /* ArrayExtension.swift in Sources */,
				932AF16C1EE8A3CF00BB0D1F /* LoginViewController.swift in Sources */,
				932AF1421EE8909300BB0D1F /* Common.swift in Sources */,
				93A374F21F0863120001FA12 /* MatchesTableViewController.swift in Sources */,
				932AF1501EE897D100BB0D1F /* FirebaseService.swift in Sources */,
				932AF14A1EE8975400BB0D1F /* FiestaModel.swift in Sources */,
				932AF14B1EE8975400BB0D1F /* FIRObject.swift in Sources */,
				932AF16A1EE8A3CF00BB0D1F /* InformacionTableViewCell.swift in Sources */,
				932AF16B1EE8A3CF00BB0D1F /* MeGustasTableViewCell.swift in Sources */,
				93A60DDE1F0FA2E300C49A07 /* EnumFuncionalidades.swift in Sources */,
				932AF1751EE8A3CF00BB0D1F /* MisFiestasViewController.swift in Sources */,
				932AF1771EE8A3CF00BB0D1F /* NuevaFiestaViewController.swift in Sources */,
				93A374D71F082DE60001FA12 /* MeGustasService.swift in Sources */,
				93A60DE31F0FA2E300C49A07 /* UIImageViewExtension.swift in Sources */,
				937392A21EEC48E300DADD23 /* UsuarioModel.swift in Sources */,
				932AF1691EE8A3CF00BB0D1F /* FiestaTableViewController.swift in Sources */,
				93A374F61F0866730001FA12 /* MatchesViewController.swift in Sources */,
				93CB919A1EEC1E9600DA4340 /* FiestaService.swift in Sources */,
				93A60DE01F0FA2E300C49A07 /* EnumReaccionesMeGustas.swift in Sources */,
				930430461F182BB100741DFC /* CerrarSesionViewController.swift in Sources */,
				93CB918F1EEB0BC400DA4340 /* CustomOverlayView.swift in Sources */,
				93A374F41F0863280001FA12 /* MatchTableViewCell.swift in Sources */,
				93CB918E1EEB0BC400DA4340 /* CustomKolodaView.swift in Sources */,
				93A60DE21F0FA2E300C49A07 /* UIColorExtension.swift in Sources */,
				93A60DDD1F0FA2E300C49A07 /* EnumFiestasCell.swift in Sources */,
				932AF1821EE8A6D500BB0D1F /* AppDelegate.swift in Sources */,
				93A374FB1F0868D20001FA12 /* HomeViewController.swift in Sources */,
				932AF1741EE8A3CF00BB0D1F /* MisFiestasTableViewController.swift in Sources */,
				932AF16D1EE8A3CF00BB0D1F /* BackgroundAnimationViewController.swift in Sources */,
				93ADDC0A1EF597BF00D48DA0 /* ProgressOverlayView.swift in Sources */,
				932AF1761EE8A3CF00BB0D1F /* NotificacionesViewController.swift in Sources */,
				936E375C1F0C1DF2005C0E8E /* MeGustasSinResultadosViewController.swift in Sources */,
				932AF14C1EE8975400BB0D1F /* UbicacionModel.swift in Sources */,
				932AF16E1EE8A3CF00BB0D1F /* BackgroundKolodaAnimator.swift in Sources */,
				932AF1C61EE8A95600BB0D1F /* FiestaTableViewCell.swift in Sources */,
				931C5ABC1EEC4B6100BD0C0C /* FacebookService.swift in Sources */,
				93A60DE41F0FA2E300C49A07 /* UIViewExtension.swift in Sources */,
			);
			runOnlyForDeploymentPostprocessing = 0;
		};
/* End PBXSourcesBuildPhase section */

/* Begin PBXVariantGroup section */
		93567AEC1EC25BA700056124 /* Main.storyboard */ = {
			isa = PBXVariantGroup;
			children = (
				93567AED1EC25BA700056124 /* Base */,
			);
			name = Main.storyboard;
			sourceTree = "<group>";
		};
		93567AF11EC25BA700056124 /* LaunchScreen.storyboard */ = {
			isa = PBXVariantGroup;
			children = (
				93567AF21EC25BA700056124 /* Base */,
			);
			name = LaunchScreen.storyboard;
			sourceTree = "<group>";
		};
/* End PBXVariantGroup section */

/* Begin XCBuildConfiguration section */
		93567AF51EC25BA700056124 /* Debug */ = {
			isa = XCBuildConfiguration;
			buildSettings = {
				ALWAYS_SEARCH_USER_PATHS = NO;
				CLANG_ANALYZER_NONNULL = YES;
				CLANG_ANALYZER_NUMBER_OBJECT_CONVERSION = YES_AGGRESSIVE;
				CLANG_CXX_LANGUAGE_STANDARD = "gnu++0x";
				CLANG_CXX_LIBRARY = "libc++";
				CLANG_ENABLE_MODULES = YES;
				CLANG_ENABLE_OBJC_ARC = YES;
				CLANG_WARN_BOOL_CONVERSION = YES;
				CLANG_WARN_CONSTANT_CONVERSION = YES;
				CLANG_WARN_DIRECT_OBJC_ISA_USAGE = YES_ERROR;
				CLANG_WARN_DOCUMENTATION_COMMENTS = YES;
				CLANG_WARN_EMPTY_BODY = YES;
				CLANG_WARN_ENUM_CONVERSION = YES;
				CLANG_WARN_INFINITE_RECURSION = YES;
				CLANG_WARN_INT_CONVERSION = YES;
				CLANG_WARN_OBJC_ROOT_CLASS = YES_ERROR;
				CLANG_WARN_SUSPICIOUS_MOVE = YES;
				CLANG_WARN_UNREACHABLE_CODE = YES;
				CLANG_WARN__DUPLICATE_METHOD_MATCH = YES;
				"CODE_SIGN_IDENTITY[sdk=iphoneos*]" = "iPhone Developer";
				COPY_PHASE_STRIP = NO;
				DEBUG_INFORMATION_FORMAT = dwarf;
				ENABLE_STRICT_OBJC_MSGSEND = YES;
				ENABLE_TESTABILITY = YES;
				GCC_C_LANGUAGE_STANDARD = gnu99;
				GCC_DYNAMIC_NO_PIC = NO;
				GCC_NO_COMMON_BLOCKS = YES;
				GCC_OPTIMIZATION_LEVEL = 0;
				GCC_PREPROCESSOR_DEFINITIONS = (
					"DEBUG=1",
					"$(inherited)",
				);
				GCC_WARN_64_TO_32_BIT_CONVERSION = YES;
				GCC_WARN_ABOUT_RETURN_TYPE = YES_ERROR;
				GCC_WARN_UNDECLARED_SELECTOR = YES;
				GCC_WARN_UNINITIALIZED_AUTOS = YES_AGGRESSIVE;
				GCC_WARN_UNUSED_FUNCTION = YES;
				GCC_WARN_UNUSED_VARIABLE = YES;
				IPHONEOS_DEPLOYMENT_TARGET = 10.3;
				MTL_ENABLE_DEBUG_INFO = YES;
				ONLY_ACTIVE_ARCH = YES;
				SDKROOT = iphoneos;
				SWIFT_ACTIVE_COMPILATION_CONDITIONS = DEBUG;
				SWIFT_OPTIMIZATION_LEVEL = "-Onone";
			};
			name = Debug;
		};
		93567AF61EC25BA700056124 /* Release */ = {
			isa = XCBuildConfiguration;
			buildSettings = {
				ALWAYS_SEARCH_USER_PATHS = NO;
				CLANG_ANALYZER_NONNULL = YES;
				CLANG_ANALYZER_NUMBER_OBJECT_CONVERSION = YES_AGGRESSIVE;
				CLANG_CXX_LANGUAGE_STANDARD = "gnu++0x";
				CLANG_CXX_LIBRARY = "libc++";
				CLANG_ENABLE_MODULES = YES;
				CLANG_ENABLE_OBJC_ARC = YES;
				CLANG_WARN_BOOL_CONVERSION = YES;
				CLANG_WARN_CONSTANT_CONVERSION = YES;
				CLANG_WARN_DIRECT_OBJC_ISA_USAGE = YES_ERROR;
				CLANG_WARN_DOCUMENTATION_COMMENTS = YES;
				CLANG_WARN_EMPTY_BODY = YES;
				CLANG_WARN_ENUM_CONVERSION = YES;
				CLANG_WARN_INFINITE_RECURSION = YES;
				CLANG_WARN_INT_CONVERSION = YES;
				CLANG_WARN_OBJC_ROOT_CLASS = YES_ERROR;
				CLANG_WARN_SUSPICIOUS_MOVE = YES;
				CLANG_WARN_UNREACHABLE_CODE = YES;
				CLANG_WARN__DUPLICATE_METHOD_MATCH = YES;
				"CODE_SIGN_IDENTITY[sdk=iphoneos*]" = "iPhone Developer";
				COPY_PHASE_STRIP = NO;
				DEBUG_INFORMATION_FORMAT = "dwarf-with-dsym";
				ENABLE_NS_ASSERTIONS = NO;
				ENABLE_STRICT_OBJC_MSGSEND = YES;
				GCC_C_LANGUAGE_STANDARD = gnu99;
				GCC_NO_COMMON_BLOCKS = YES;
				GCC_WARN_64_TO_32_BIT_CONVERSION = YES;
				GCC_WARN_ABOUT_RETURN_TYPE = YES_ERROR;
				GCC_WARN_UNDECLARED_SELECTOR = YES;
				GCC_WARN_UNINITIALIZED_AUTOS = YES_AGGRESSIVE;
				GCC_WARN_UNUSED_FUNCTION = YES;
				GCC_WARN_UNUSED_VARIABLE = YES;
				IPHONEOS_DEPLOYMENT_TARGET = 10.3;
				MTL_ENABLE_DEBUG_INFO = NO;
				SDKROOT = iphoneos;
				SWIFT_OPTIMIZATION_LEVEL = "-Owholemodule";
				VALIDATE_PRODUCT = YES;
			};
			name = Release;
		};
		93567AF81EC25BA700056124 /* Debug */ = {
			isa = XCBuildConfiguration;
			baseConfigurationReference = 4B9BCFC6672A8773A1FC2AF2 /* Pods-fiestapp.debug.xcconfig */;
			buildSettings = {
				ASSETCATALOG_COMPILER_APPICON_NAME = AppIcon;
				ASSETCATALOG_COMPILER_OPTIMIZATION = "";
				DEVELOPMENT_TEAM = L98G23Y6A4;
				FRAMEWORK_SEARCH_PATHS = (
					"$(inherited)",
					"\"$PODS_CONFIGURATION_BUILD_DIR/GTMSessionFetcher\"",
					"\"$PODS_CONFIGURATION_BUILD_DIR/GoogleToolboxForMac\"",
					"\"${PODS_ROOT}/FirebaseAnalytics/Frameworks\"",
					"\"${PODS_ROOT}/FirebaseAuth/Frameworks\"",
					"\"${PODS_ROOT}/FirebaseCore/Frameworks\"",
					"\"${PODS_ROOT}/FirebaseInstanceID/Frameworks\"",
					/Users/nicolashechim/Documents/FacebookSDK,
				);
				INFOPLIST_FILE = fiestapp/Info.plist;
				IPHONEOS_DEPLOYMENT_TARGET = 9.0;
				LD_RUNPATH_SEARCH_PATHS = "$(inherited) @executable_path/Frameworks";
				PRODUCT_BUNDLE_IDENTIFIER = com.mint.fiestapp;
				PRODUCT_NAME = "$(TARGET_NAME)";
				SWIFT_VERSION = 3.0;
			};
			name = Debug;
		};
		93567AF91EC25BA700056124 /* Release */ = {
			isa = XCBuildConfiguration;
			baseConfigurationReference = 9FC4EC719A4FA3C4D99471F4 /* Pods-fiestapp.release.xcconfig */;
			buildSettings = {
				ASSETCATALOG_COMPILER_APPICON_NAME = AppIcon;
				ASSETCATALOG_COMPILER_OPTIMIZATION = "";
				DEVELOPMENT_TEAM = L98G23Y6A4;
				FRAMEWORK_SEARCH_PATHS = (
					"$(inherited)",
					"\"$PODS_CONFIGURATION_BUILD_DIR/GTMSessionFetcher\"",
					"\"$PODS_CONFIGURATION_BUILD_DIR/GoogleToolboxForMac\"",
					"\"${PODS_ROOT}/FirebaseAnalytics/Frameworks\"",
					"\"${PODS_ROOT}/FirebaseAuth/Frameworks\"",
					"\"${PODS_ROOT}/FirebaseCore/Frameworks\"",
					"\"${PODS_ROOT}/FirebaseInstanceID/Frameworks\"",
					/Users/nicolashechim/Documents/FacebookSDK,
				);
				INFOPLIST_FILE = fiestapp/Info.plist;
				IPHONEOS_DEPLOYMENT_TARGET = 9.0;
				LD_RUNPATH_SEARCH_PATHS = "$(inherited) @executable_path/Frameworks";
				PRODUCT_BUNDLE_IDENTIFIER = com.mint.fiestapp;
				PRODUCT_NAME = "$(TARGET_NAME)";
				SWIFT_VERSION = 3.0;
			};
			name = Release;
		};
/* End XCBuildConfiguration section */

/* Begin XCConfigurationList section */
		93567AE01EC25BA700056124 /* Build configuration list for PBXProject "Fiestapp" */ = {
			isa = XCConfigurationList;
			buildConfigurations = (
				93567AF51EC25BA700056124 /* Debug */,
				93567AF61EC25BA700056124 /* Release */,
			);
			defaultConfigurationIsVisible = 0;
			defaultConfigurationName = Release;
		};
		93567AF71EC25BA700056124 /* Build configuration list for PBXNativeTarget "fiestapp" */ = {
			isa = XCConfigurationList;
			buildConfigurations = (
				93567AF81EC25BA700056124 /* Debug */,
				93567AF91EC25BA700056124 /* Release */,
			);
			defaultConfigurationIsVisible = 0;
			defaultConfigurationName = Release;
		};
/* End XCConfigurationList section */
	};
	rootObject = 93567ADD1EC25BA700056124 /* Project object */;
}
