// !$*UTF8*$!
{
	archiveVersion = 1;
	classes = {
	};
	objectVersion = 46;
	objects = {

/* Begin PBXBuildFile section */
		932AF1421EE8909300BB0D1F /* Common.swift in Sources */ = {isa = PBXBuildFile; fileRef = 932AF13E1EE8909300BB0D1F /* Common.swift */; };
		932AF1431EE8909300BB0D1F /* EnumFiestasCell.swift in Sources */ = {isa = PBXBuildFile; fileRef = 932AF13F1EE8909300BB0D1F /* EnumFiestasCell.swift */; };
		932AF1441EE8909300BB0D1F /* EnumFuncionalidades.swift in Sources */ = {isa = PBXBuildFile; fileRef = 932AF1401EE8909300BB0D1F /* EnumFuncionalidades.swift */; };
		932AF1451EE8909300BB0D1F /* UIViewExtension.swift in Sources */ = {isa = PBXBuildFile; fileRef = 932AF1411EE8909300BB0D1F /* UIViewExtension.swift */; };
		932AF14A1EE8975400BB0D1F /* FiestaModel.swift in Sources */ = {isa = PBXBuildFile; fileRef = 932AF1471EE8975400BB0D1F /* FiestaModel.swift */; };
		932AF14B1EE8975400BB0D1F /* FIRObject.swift in Sources */ = {isa = PBXBuildFile; fileRef = 932AF1481EE8975400BB0D1F /* FIRObject.swift */; };
		932AF14C1EE8975400BB0D1F /* UbicacionModel.swift in Sources */ = {isa = PBXBuildFile; fileRef = 932AF1491EE8975400BB0D1F /* UbicacionModel.swift */; };
		932AF1501EE897D100BB0D1F /* FirebaseService.swift in Sources */ = {isa = PBXBuildFile; fileRef = 932AF14E1EE897D100BB0D1F /* FirebaseService.swift */; };
		932AF1511EE897D100BB0D1F /* MisFiestasService.swift in Sources */ = {isa = PBXBuildFile; fileRef = 932AF14F1EE897D100BB0D1F /* MisFiestasService.swift */; };
		932AF1691EE8A3CF00BB0D1F /* FiestaTableViewController.swift in Sources */ = {isa = PBXBuildFile; fileRef = 932AF1541EE8A3CF00BB0D1F /* FiestaTableViewController.swift */; };
		932AF16A1EE8A3CF00BB0D1F /* InformacionTableViewCell.swift in Sources */ = {isa = PBXBuildFile; fileRef = 932AF1561EE8A3CF00BB0D1F /* InformacionTableViewCell.swift */; };
		932AF16B1EE8A3CF00BB0D1F /* MeGustasTableViewCell.swift in Sources */ = {isa = PBXBuildFile; fileRef = 932AF1571EE8A3CF00BB0D1F /* MeGustasTableViewCell.swift */; };
		932AF16C1EE8A3CF00BB0D1F /* LoginViewController.swift in Sources */ = {isa = PBXBuildFile; fileRef = 932AF1591EE8A3CF00BB0D1F /* LoginViewController.swift */; };
		932AF16D1EE8A3CF00BB0D1F /* BackgroundAnimationViewController.swift in Sources */ = {isa = PBXBuildFile; fileRef = 932AF15B1EE8A3CF00BB0D1F /* BackgroundAnimationViewController.swift */; };
		932AF16E1EE8A3CF00BB0D1F /* BackgroundKolodaAnimator.swift in Sources */ = {isa = PBXBuildFile; fileRef = 932AF15C1EE8A3CF00BB0D1F /* BackgroundKolodaAnimator.swift */; };
		932AF16F1EE8A3CF00BB0D1F /* CustomKolodaView.swift in Sources */ = {isa = PBXBuildFile; fileRef = 932AF15D1EE8A3CF00BB0D1F /* CustomKolodaView.swift */; };
		932AF1701EE8A3CF00BB0D1F /* CustomOverlayView.swift in Sources */ = {isa = PBXBuildFile; fileRef = 932AF15E1EE8A3CF00BB0D1F /* CustomOverlayView.swift */; };
		932AF1711EE8A3CF00BB0D1F /* ExampleOverlayView.swift in Sources */ = {isa = PBXBuildFile; fileRef = 932AF15F1EE8A3CF00BB0D1F /* ExampleOverlayView.swift */; };
		932AF1721EE8A3CF00BB0D1F /* MeGustasViewController.swift in Sources */ = {isa = PBXBuildFile; fileRef = 932AF1601EE8A3CF00BB0D1F /* MeGustasViewController.swift */; };
		932AF1741EE8A3CF00BB0D1F /* MisFiestasTableViewController.swift in Sources */ = {isa = PBXBuildFile; fileRef = 932AF1631EE8A3CF00BB0D1F /* MisFiestasTableViewController.swift */; };
		932AF1751EE8A3CF00BB0D1F /* MisFiestasViewController.swift in Sources */ = {isa = PBXBuildFile; fileRef = 932AF1641EE8A3CF00BB0D1F /* MisFiestasViewController.swift */; };
		932AF1761EE8A3CF00BB0D1F /* NotificacionesViewController.swift in Sources */ = {isa = PBXBuildFile; fileRef = 932AF1661EE8A3CF00BB0D1F /* NotificacionesViewController.swift */; };
		932AF1771EE8A3CF00BB0D1F /* NuevaFiestaViewController.swift in Sources */ = {isa = PBXBuildFile; fileRef = 932AF1681EE8A3CF00BB0D1F /* NuevaFiestaViewController.swift */; };
		932AF1821EE8A6D500BB0D1F /* AppDelegate.swift in Sources */ = {isa = PBXBuildFile; fileRef = 932AF17F1EE8A6D400BB0D1F /* AppDelegate.swift */; };
		932AF1831EE8A6D500BB0D1F /* GoogleService-Info.plist in Resources */ = {isa = PBXBuildFile; fileRef = 932AF1801EE8A6D500BB0D1F /* GoogleService-Info.plist */; };
		932AF1841EE8A6D500BB0D1F /* Info.plist in Resources */ = {isa = PBXBuildFile; fileRef = 932AF1811EE8A6D500BB0D1F /* Info.plist */; };
		932AF1A81EE8A81500BB0D1F /* Ubuntu-B.ttf in Resources */ = {isa = PBXBuildFile; fileRef = 932AF1871EE8A81500BB0D1F /* Ubuntu-B.ttf */; };
		932AF1A91EE8A81500BB0D1F /* Ubuntu-BI.ttf in Resources */ = {isa = PBXBuildFile; fileRef = 932AF1881EE8A81500BB0D1F /* Ubuntu-BI.ttf */; };
		932AF1AA1EE8A81500BB0D1F /* Ubuntu-C.ttf in Resources */ = {isa = PBXBuildFile; fileRef = 932AF1891EE8A81500BB0D1F /* Ubuntu-C.ttf */; };
		932AF1AB1EE8A81500BB0D1F /* Ubuntu-L.ttf in Resources */ = {isa = PBXBuildFile; fileRef = 932AF18A1EE8A81500BB0D1F /* Ubuntu-L.ttf */; };
		932AF1AC1EE8A81500BB0D1F /* Ubuntu-LI.ttf in Resources */ = {isa = PBXBuildFile; fileRef = 932AF18B1EE8A81500BB0D1F /* Ubuntu-LI.ttf */; };
		932AF1AD1EE8A81500BB0D1F /* Ubuntu-M.ttf in Resources */ = {isa = PBXBuildFile; fileRef = 932AF18C1EE8A81500BB0D1F /* Ubuntu-M.ttf */; };
		932AF1AE1EE8A81500BB0D1F /* Ubuntu-MI.ttf in Resources */ = {isa = PBXBuildFile; fileRef = 932AF18D1EE8A81500BB0D1F /* Ubuntu-MI.ttf */; };
		932AF1AF1EE8A81500BB0D1F /* Ubuntu-R.ttf in Resources */ = {isa = PBXBuildFile; fileRef = 932AF18E1EE8A81500BB0D1F /* Ubuntu-R.ttf */; };
		932AF1B01EE8A81500BB0D1F /* Ubuntu-RI.ttf in Resources */ = {isa = PBXBuildFile; fileRef = 932AF18F1EE8A81500BB0D1F /* Ubuntu-RI.ttf */; };
		932AF1B11EE8A81500BB0D1F /* ic_action_add_circle@2x.png in Resources */ = {isa = PBXBuildFile; fileRef = 932AF1911EE8A81500BB0D1F /* ic_action_add_circle@2x.png */; };
		932AF1B21EE8A81500BB0D1F /* ic_action_add_circle@3x.png in Resources */ = {isa = PBXBuildFile; fileRef = 932AF1921EE8A81500BB0D1F /* ic_action_add_circle@3x.png */; };
		932AF1B31EE8A81500BB0D1F /* ic_action_notifications@2x.png in Resources */ = {isa = PBXBuildFile; fileRef = 932AF1931EE8A81500BB0D1F /* ic_action_notifications@2x.png */; };
		932AF1B41EE8A81500BB0D1F /* ic_action_notifications@3x.png in Resources */ = {isa = PBXBuildFile; fileRef = 932AF1941EE8A81500BB0D1F /* ic_action_notifications@3x.png */; };
		932AF1B51EE8A81500BB0D1F /* IconBack@2x.png in Resources */ = {isa = PBXBuildFile; fileRef = 932AF1951EE8A81500BB0D1F /* IconBack@2x.png */; };
		932AF1B61EE8A81500BB0D1F /* IconBack@3x.png in Resources */ = {isa = PBXBuildFile; fileRef = 932AF1961EE8A81500BB0D1F /* IconBack@3x.png */; };
		932AF1B71EE8A81500BB0D1F /* IconLogout@2x.png in Resources */ = {isa = PBXBuildFile; fileRef = 932AF1971EE8A81500BB0D1F /* IconLogout@2x.png */; };
		932AF1B81EE8A81500BB0D1F /* IconLogout@3x.png in Resources */ = {isa = PBXBuildFile; fileRef = 932AF1981EE8A81500BB0D1F /* IconLogout@3x.png */; };
		932AF1B91EE8A81500BB0D1F /* iconTab1@2x.png in Resources */ = {isa = PBXBuildFile; fileRef = 932AF1991EE8A81500BB0D1F /* iconTab1@2x.png */; };
		932AF1BA1EE8A81500BB0D1F /* iconTab1@3x.png in Resources */ = {isa = PBXBuildFile; fileRef = 932AF19A1EE8A81500BB0D1F /* iconTab1@3x.png */; };
		932AF1BB1EE8A81500BB0D1F /* Bg_profile_fiesta.png in Resources */ = {isa = PBXBuildFile; fileRef = 932AF19D1EE8A81500BB0D1F /* Bg_profile_fiesta.png */; };
		932AF1BC1EE8A81500BB0D1F /* Profile.png in Resources */ = {isa = PBXBuildFile; fileRef = 932AF19E1EE8A81500BB0D1F /* Profile.png */; };
		932AF1BD1EE8A81500BB0D1F /* bonete.png in Resources */ = {isa = PBXBuildFile; fileRef = 932AF1A01EE8A81500BB0D1F /* bonete.png */; };
		932AF1BE1EE8A81500BB0D1F /* Branding.png in Resources */ = {isa = PBXBuildFile; fileRef = 932AF1A11EE8A81500BB0D1F /* Branding.png */; };
		932AF1BF1EE8A81500BB0D1F /* Branding@2x.png in Resources */ = {isa = PBXBuildFile; fileRef = 932AF1A21EE8A81500BB0D1F /* Branding@2x.png */; };
		932AF1C01EE8A81500BB0D1F /* Branding@3x.png in Resources */ = {isa = PBXBuildFile; fileRef = 932AF1A31EE8A81500BB0D1F /* Branding@3x.png */; };
		932AF1C11EE8A81500BB0D1F /* btn_facebook.png in Resources */ = {isa = PBXBuildFile; fileRef = 932AF1A51EE8A81500BB0D1F /* btn_facebook.png */; };
		932AF1C21EE8A81500BB0D1F /* btn_facebook@2x.png in Resources */ = {isa = PBXBuildFile; fileRef = 932AF1A61EE8A81500BB0D1F /* btn_facebook@2x.png */; };
		932AF1C31EE8A81500BB0D1F /* btn_facebook@3x.png in Resources */ = {isa = PBXBuildFile; fileRef = 932AF1A71EE8A81500BB0D1F /* btn_facebook@3x.png */; };
		932AF1C61EE8A95600BB0D1F /* FiestaTableViewCell.swift in Sources */ = {isa = PBXBuildFile; fileRef = 932AF1C51EE8A95600BB0D1F /* FiestaTableViewCell.swift */; };
		93567AEE1EC25BA700056124 /* Main.storyboard in Resources */ = {isa = PBXBuildFile; fileRef = 93567AEC1EC25BA700056124 /* Main.storyboard */; };
		93567AF01EC25BA700056124 /* Assets.xcassets in Resources */ = {isa = PBXBuildFile; fileRef = 93567AEF1EC25BA700056124 /* Assets.xcassets */; };
		93567AF31EC25BA700056124 /* LaunchScreen.storyboard in Resources */ = {isa = PBXBuildFile; fileRef = 93567AF11EC25BA700056124 /* LaunchScreen.storyboard */; };
		CDA84199D2F4372299A0C5AF /* Pods_fiestapp.framework in Frameworks */ = {isa = PBXBuildFile; fileRef = 66492BB5F9DEFE2E3CD84D5A /* Pods_fiestapp.framework */; };
/* End PBXBuildFile section */

/* Begin PBXFileReference section */
		4B9BCFC6672A8773A1FC2AF2 /* Pods-fiestapp.debug.xcconfig */ = {isa = PBXFileReference; includeInIndex = 1; lastKnownFileType = text.xcconfig; name = "Pods-fiestapp.debug.xcconfig"; path = "Pods/Target Support Files/Pods-fiestapp/Pods-fiestapp.debug.xcconfig"; sourceTree = "<group>"; };
		66492BB5F9DEFE2E3CD84D5A /* Pods_fiestapp.framework */ = {isa = PBXFileReference; explicitFileType = wrapper.framework; includeInIndex = 0; path = Pods_fiestapp.framework; sourceTree = BUILT_PRODUCTS_DIR; };
		932AF13E1EE8909300BB0D1F /* Common.swift */ = {isa = PBXFileReference; fileEncoding = 4; lastKnownFileType = sourcecode.swift; path = Common.swift; sourceTree = "<group>"; };
		932AF13F1EE8909300BB0D1F /* EnumFiestasCell.swift */ = {isa = PBXFileReference; fileEncoding = 4; lastKnownFileType = sourcecode.swift; path = EnumFiestasCell.swift; sourceTree = "<group>"; };
		932AF1401EE8909300BB0D1F /* EnumFuncionalidades.swift */ = {isa = PBXFileReference; fileEncoding = 4; lastKnownFileType = sourcecode.swift; path = EnumFuncionalidades.swift; sourceTree = "<group>"; };
		932AF1411EE8909300BB0D1F /* UIViewExtension.swift */ = {isa = PBXFileReference; fileEncoding = 4; lastKnownFileType = sourcecode.swift; path = UIViewExtension.swift; sourceTree = "<group>"; };
		932AF1471EE8975400BB0D1F /* FiestaModel.swift */ = {isa = PBXFileReference; fileEncoding = 4; lastKnownFileType = sourcecode.swift; path = FiestaModel.swift; sourceTree = "<group>"; };
		932AF1481EE8975400BB0D1F /* FIRObject.swift */ = {isa = PBXFileReference; fileEncoding = 4; lastKnownFileType = sourcecode.swift; path = FIRObject.swift; sourceTree = "<group>"; };
		932AF1491EE8975400BB0D1F /* UbicacionModel.swift */ = {isa = PBXFileReference; fileEncoding = 4; lastKnownFileType = sourcecode.swift; path = UbicacionModel.swift; sourceTree = "<group>"; };
		932AF14E1EE897D100BB0D1F /* FirebaseService.swift */ = {isa = PBXFileReference; fileEncoding = 4; lastKnownFileType = sourcecode.swift; path = FirebaseService.swift; sourceTree = "<group>"; };
		932AF14F1EE897D100BB0D1F /* MisFiestasService.swift */ = {isa = PBXFileReference; fileEncoding = 4; lastKnownFileType = sourcecode.swift; path = MisFiestasService.swift; sourceTree = "<group>"; };
		932AF1541EE8A3CF00BB0D1F /* FiestaTableViewController.swift */ = {isa = PBXFileReference; fileEncoding = 4; lastKnownFileType = sourcecode.swift; path = FiestaTableViewController.swift; sourceTree = "<group>"; };
		932AF1561EE8A3CF00BB0D1F /* InformacionTableViewCell.swift */ = {isa = PBXFileReference; fileEncoding = 4; lastKnownFileType = sourcecode.swift; path = InformacionTableViewCell.swift; sourceTree = "<group>"; };
		932AF1571EE8A3CF00BB0D1F /* MeGustasTableViewCell.swift */ = {isa = PBXFileReference; fileEncoding = 4; lastKnownFileType = sourcecode.swift; path = MeGustasTableViewCell.swift; sourceTree = "<group>"; };
		932AF1591EE8A3CF00BB0D1F /* LoginViewController.swift */ = {isa = PBXFileReference; fileEncoding = 4; lastKnownFileType = sourcecode.swift; path = LoginViewController.swift; sourceTree = "<group>"; };
		932AF15B1EE8A3CF00BB0D1F /* BackgroundAnimationViewController.swift */ = {isa = PBXFileReference; fileEncoding = 4; lastKnownFileType = sourcecode.swift; path = BackgroundAnimationViewController.swift; sourceTree = "<group>"; };
		932AF15C1EE8A3CF00BB0D1F /* BackgroundKolodaAnimator.swift */ = {isa = PBXFileReference; fileEncoding = 4; lastKnownFileType = sourcecode.swift; path = BackgroundKolodaAnimator.swift; sourceTree = "<group>"; };
		932AF15D1EE8A3CF00BB0D1F /* CustomKolodaView.swift */ = {isa = PBXFileReference; fileEncoding = 4; lastKnownFileType = sourcecode.swift; path = CustomKolodaView.swift; sourceTree = "<group>"; };
		932AF15E1EE8A3CF00BB0D1F /* CustomOverlayView.swift */ = {isa = PBXFileReference; fileEncoding = 4; lastKnownFileType = sourcecode.swift; path = CustomOverlayView.swift; sourceTree = "<group>"; };
		932AF15F1EE8A3CF00BB0D1F /* ExampleOverlayView.swift */ = {isa = PBXFileReference; fileEncoding = 4; lastKnownFileType = sourcecode.swift; path = ExampleOverlayView.swift; sourceTree = "<group>"; };
		932AF1601EE8A3CF00BB0D1F /* MeGustasViewController.swift */ = {isa = PBXFileReference; fileEncoding = 4; lastKnownFileType = sourcecode.swift; path = MeGustasViewController.swift; sourceTree = "<group>"; };
		932AF1631EE8A3CF00BB0D1F /* MisFiestasTableViewController.swift */ = {isa = PBXFileReference; fileEncoding = 4; lastKnownFileType = sourcecode.swift; path = MisFiestasTableViewController.swift; sourceTree = "<group>"; };
		932AF1641EE8A3CF00BB0D1F /* MisFiestasViewController.swift */ = {isa = PBXFileReference; fileEncoding = 4; lastKnownFileType = sourcecode.swift; path = MisFiestasViewController.swift; sourceTree = "<group>"; };
		932AF1661EE8A3CF00BB0D1F /* NotificacionesViewController.swift */ = {isa = PBXFileReference; fileEncoding = 4; lastKnownFileType = sourcecode.swift; path = NotificacionesViewController.swift; sourceTree = "<group>"; };
		932AF1681EE8A3CF00BB0D1F /* NuevaFiestaViewController.swift */ = {isa = PBXFileReference; fileEncoding = 4; lastKnownFileType = sourcecode.swift; path = NuevaFiestaViewController.swift; sourceTree = "<group>"; };
		932AF17F1EE8A6D400BB0D1F /* AppDelegate.swift */ = {isa = PBXFileReference; fileEncoding = 4; lastKnownFileType = sourcecode.swift; name = AppDelegate.swift; path = Fiestapp/AppDelegate.swift; sourceTree = SOURCE_ROOT; };
		932AF1801EE8A6D500BB0D1F /* GoogleService-Info.plist */ = {isa = PBXFileReference; fileEncoding = 4; lastKnownFileType = text.plist.xml; name = "GoogleService-Info.plist"; path = "Fiestapp/GoogleService-Info.plist"; sourceTree = SOURCE_ROOT; };
		932AF1811EE8A6D500BB0D1F /* Info.plist */ = {isa = PBXFileReference; fileEncoding = 4; lastKnownFileType = text.plist.xml; name = Info.plist; path = Fiestapp/Info.plist; sourceTree = SOURCE_ROOT; };
		932AF1871EE8A81500BB0D1F /* Ubuntu-B.ttf */ = {isa = PBXFileReference; lastKnownFileType = file; path = "Ubuntu-B.ttf"; sourceTree = "<group>"; };
		932AF1881EE8A81500BB0D1F /* Ubuntu-BI.ttf */ = {isa = PBXFileReference; lastKnownFileType = file; path = "Ubuntu-BI.ttf"; sourceTree = "<group>"; };
		932AF1891EE8A81500BB0D1F /* Ubuntu-C.ttf */ = {isa = PBXFileReference; lastKnownFileType = file; path = "Ubuntu-C.ttf"; sourceTree = "<group>"; };
		932AF18A1EE8A81500BB0D1F /* Ubuntu-L.ttf */ = {isa = PBXFileReference; lastKnownFileType = file; path = "Ubuntu-L.ttf"; sourceTree = "<group>"; };
		932AF18B1EE8A81500BB0D1F /* Ubuntu-LI.ttf */ = {isa = PBXFileReference; lastKnownFileType = file; path = "Ubuntu-LI.ttf"; sourceTree = "<group>"; };
		932AF18C1EE8A81500BB0D1F /* Ubuntu-M.ttf */ = {isa = PBXFileReference; lastKnownFileType = file; path = "Ubuntu-M.ttf"; sourceTree = "<group>"; };
		932AF18D1EE8A81500BB0D1F /* Ubuntu-MI.ttf */ = {isa = PBXFileReference; lastKnownFileType = file; path = "Ubuntu-MI.ttf"; sourceTree = "<group>"; };
		932AF18E1EE8A81500BB0D1F /* Ubuntu-R.ttf */ = {isa = PBXFileReference; lastKnownFileType = file; path = "Ubuntu-R.ttf"; sourceTree = "<group>"; };
		932AF18F1EE8A81500BB0D1F /* Ubuntu-RI.ttf */ = {isa = PBXFileReference; lastKnownFileType = file; path = "Ubuntu-RI.ttf"; sourceTree = "<group>"; };
		932AF1911EE8A81500BB0D1F /* ic_action_add_circle@2x.png */ = {isa = PBXFileReference; lastKnownFileType = image.png; path = "ic_action_add_circle@2x.png"; sourceTree = "<group>"; };
		932AF1921EE8A81500BB0D1F /* ic_action_add_circle@3x.png */ = {isa = PBXFileReference; lastKnownFileType = image.png; path = "ic_action_add_circle@3x.png"; sourceTree = "<group>"; };
		932AF1931EE8A81500BB0D1F /* ic_action_notifications@2x.png */ = {isa = PBXFileReference; lastKnownFileType = image.png; path = "ic_action_notifications@2x.png"; sourceTree = "<group>"; };
		932AF1941EE8A81500BB0D1F /* ic_action_notifications@3x.png */ = {isa = PBXFileReference; lastKnownFileType = image.png; path = "ic_action_notifications@3x.png"; sourceTree = "<group>"; };
		932AF1951EE8A81500BB0D1F /* IconBack@2x.png */ = {isa = PBXFileReference; lastKnownFileType = image.png; path = "IconBack@2x.png"; sourceTree = "<group>"; };
		932AF1961EE8A81500BB0D1F /* IconBack@3x.png */ = {isa = PBXFileReference; lastKnownFileType = image.png; path = "IconBack@3x.png"; sourceTree = "<group>"; };
		932AF1971EE8A81500BB0D1F /* IconLogout@2x.png */ = {isa = PBXFileReference; lastKnownFileType = image.png; path = "IconLogout@2x.png"; sourceTree = "<group>"; };
		932AF1981EE8A81500BB0D1F /* IconLogout@3x.png */ = {isa = PBXFileReference; lastKnownFileType = image.png; path = "IconLogout@3x.png"; sourceTree = "<group>"; };
		932AF1991EE8A81500BB0D1F /* iconTab1@2x.png */ = {isa = PBXFileReference; lastKnownFileType = image.png; path = "iconTab1@2x.png"; sourceTree = "<group>"; };
		932AF19A1EE8A81500BB0D1F /* iconTab1@3x.png */ = {isa = PBXFileReference; lastKnownFileType = image.png; path = "iconTab1@3x.png"; sourceTree = "<group>"; };
		932AF19D1EE8A81500BB0D1F /* Bg_profile_fiesta.png */ = {isa = PBXFileReference; lastKnownFileType = image.png; path = Bg_profile_fiesta.png; sourceTree = "<group>"; };
		932AF19E1EE8A81500BB0D1F /* Profile.png */ = {isa = PBXFileReference; lastKnownFileType = image.png; path = Profile.png; sourceTree = "<group>"; };
		932AF1A01EE8A81500BB0D1F /* bonete.png */ = {isa = PBXFileReference; lastKnownFileType = image.png; path = bonete.png; sourceTree = "<group>"; };
		932AF1A11EE8A81500BB0D1F /* Branding.png */ = {isa = PBXFileReference; lastKnownFileType = image.png; path = Branding.png; sourceTree = "<group>"; };
		932AF1A21EE8A81500BB0D1F /* Branding@2x.png */ = {isa = PBXFileReference; lastKnownFileType = image.png; path = "Branding@2x.png"; sourceTree = "<group>"; };
		932AF1A31EE8A81500BB0D1F /* Branding@3x.png */ = {isa = PBXFileReference; lastKnownFileType = image.png; path = "Branding@3x.png"; sourceTree = "<group>"; };
		932AF1A51EE8A81500BB0D1F /* btn_facebook.png */ = {isa = PBXFileReference; lastKnownFileType = image.png; path = btn_facebook.png; sourceTree = "<group>"; };
		932AF1A61EE8A81500BB0D1F /* btn_facebook@2x.png */ = {isa = PBXFileReference; lastKnownFileType = image.png; path = "btn_facebook@2x.png"; sourceTree = "<group>"; };
		932AF1A71EE8A81500BB0D1F /* btn_facebook@3x.png */ = {isa = PBXFileReference; lastKnownFileType = image.png; path = "btn_facebook@3x.png"; sourceTree = "<group>"; };
		932AF1C51EE8A95600BB0D1F /* FiestaTableViewCell.swift */ = {isa = PBXFileReference; fileEncoding = 4; lastKnownFileType = sourcecode.swift; path = FiestaTableViewCell.swift; sourceTree = "<group>"; };
		93567AE51EC25BA700056124 /* fiestapp.app */ = {isa = PBXFileReference; explicitFileType = wrapper.application; includeInIndex = 0; path = fiestapp.app; sourceTree = BUILT_PRODUCTS_DIR; };
		93567AED1EC25BA700056124 /* Base */ = {isa = PBXFileReference; lastKnownFileType = file.storyboard; name = Base; path = Base.lproj/Main.storyboard; sourceTree = "<group>"; };
		93567AEF1EC25BA700056124 /* Assets.xcassets */ = {isa = PBXFileReference; lastKnownFileType = folder.assetcatalog; path = Assets.xcassets; sourceTree = "<group>"; };
		93567AF21EC25BA700056124 /* Base */ = {isa = PBXFileReference; lastKnownFileType = file.storyboard; name = Base; path = Base.lproj/LaunchScreen.storyboard; sourceTree = "<group>"; };
		9FC4EC719A4FA3C4D99471F4 /* Pods-fiestapp.release.xcconfig */ = {isa = PBXFileReference; includeInIndex = 1; lastKnownFileType = text.xcconfig; name = "Pods-fiestapp.release.xcconfig"; path = "Pods/Target Support Files/Pods-fiestapp/Pods-fiestapp.release.xcconfig"; sourceTree = "<group>"; };
/* End PBXFileReference section */

/* Begin PBXFrameworksBuildPhase section */
		93567AE21EC25BA700056124 /* Frameworks */ = {
			isa = PBXFrameworksBuildPhase;
			buildActionMask = 2147483647;
			files = (
				CDA84199D2F4372299A0C5AF /* Pods_fiestapp.framework in Frameworks */,
			);
			runOnlyForDeploymentPostprocessing = 0;
		};
/* End PBXFrameworksBuildPhase section */

/* Begin PBXGroup section */
		42711D6467F479731849A721 /* Pods */ = {
			isa = PBXGroup;
			children = (
				4B9BCFC6672A8773A1FC2AF2 /* Pods-fiestapp.debug.xcconfig */,
				9FC4EC719A4FA3C4D99471F4 /* Pods-fiestapp.release.xcconfig */,
			);
			name = Pods;
			sourceTree = "<group>";
		};
		932AF13D1EE8909300BB0D1F /* Common */ = {
			isa = PBXGroup;
			children = (
				932AF13E1EE8909300BB0D1F /* Common.swift */,
				932AF13F1EE8909300BB0D1F /* EnumFiestasCell.swift */,
				932AF1401EE8909300BB0D1F /* EnumFuncionalidades.swift */,
				932AF1411EE8909300BB0D1F /* UIViewExtension.swift */,
			);
			name = Common;
			path = Fiestapp/Common;
			sourceTree = SOURCE_ROOT;
		};
		932AF1461EE8975400BB0D1F /* Models */ = {
			isa = PBXGroup;
			children = (
				932AF1471EE8975400BB0D1F /* FiestaModel.swift */,
				932AF1481EE8975400BB0D1F /* FIRObject.swift */,
				932AF1491EE8975400BB0D1F /* UbicacionModel.swift */,
			);
			name = Models;
			path = Fiestapp/Models;
			sourceTree = SOURCE_ROOT;
		};
		932AF14D1EE897D100BB0D1F /* Services */ = {
			isa = PBXGroup;
			children = (
				932AF14E1EE897D100BB0D1F /* FirebaseService.swift */,
				932AF14F1EE897D100BB0D1F /* MisFiestasService.swift */,
			);
			name = Services;
			path = Fiestapp/Services;
			sourceTree = SOURCE_ROOT;
		};
		932AF1521EE8A3CF00BB0D1F /* ViewControllers */ = {
			isa = PBXGroup;
			children = (
				932AF1531EE8A3CF00BB0D1F /* FiestaPerfil */,
				932AF1581EE8A3CF00BB0D1F /* Login */,
				932AF15A1EE8A3CF00BB0D1F /* MeGustas */,
				932AF1611EE8A3CF00BB0D1F /* MisFiestas */,
				932AF1651EE8A3CF00BB0D1F /* Notificaciones */,
				932AF1671EE8A3CF00BB0D1F /* NuevaFiesta */,
			);
			name = ViewControllers;
			path = Fiestapp/ViewControllers;
			sourceTree = SOURCE_ROOT;
		};
		932AF1531EE8A3CF00BB0D1F /* FiestaPerfil */ = {
			isa = PBXGroup;
			children = (
				932AF1541EE8A3CF00BB0D1F /* FiestaTableViewController.swift */,
				932AF1551EE8A3CF00BB0D1F /* TableViewCells */,
			);
			path = FiestaPerfil;
			sourceTree = "<group>";
		};
		932AF1551EE8A3CF00BB0D1F /* TableViewCells */ = {
			isa = PBXGroup;
			children = (
				932AF1561EE8A3CF00BB0D1F /* InformacionTableViewCell.swift */,
				932AF1571EE8A3CF00BB0D1F /* MeGustasTableViewCell.swift */,
			);
			path = TableViewCells;
			sourceTree = "<group>";
		};
		932AF1581EE8A3CF00BB0D1F /* Login */ = {
			isa = PBXGroup;
			children = (
				932AF1591EE8A3CF00BB0D1F /* LoginViewController.swift */,
			);
			path = Login;
			sourceTree = "<group>";
		};
		932AF15A1EE8A3CF00BB0D1F /* MeGustas */ = {
			isa = PBXGroup;
			children = (
				932AF15B1EE8A3CF00BB0D1F /* BackgroundAnimationViewController.swift */,
				932AF15C1EE8A3CF00BB0D1F /* BackgroundKolodaAnimator.swift */,
				932AF15D1EE8A3CF00BB0D1F /* CustomKolodaView.swift */,
				932AF15E1EE8A3CF00BB0D1F /* CustomOverlayView.swift */,
				932AF15F1EE8A3CF00BB0D1F /* ExampleOverlayView.swift */,
				932AF1601EE8A3CF00BB0D1F /* MeGustasViewController.swift */,
			);
			path = MeGustas;
			sourceTree = "<group>";
		};
		932AF1611EE8A3CF00BB0D1F /* MisFiestas */ = {
			isa = PBXGroup;
			children = (
				932AF1631EE8A3CF00BB0D1F /* MisFiestasTableViewController.swift */,
				932AF1641EE8A3CF00BB0D1F /* MisFiestasViewController.swift */,
				932AF1C41EE8A95600BB0D1F /* TableViewCells */,
			);
			path = MisFiestas;
			sourceTree = "<group>";
		};
		932AF1651EE8A3CF00BB0D1F /* Notificaciones */ = {
			isa = PBXGroup;
			children = (
				932AF1661EE8A3CF00BB0D1F /* NotificacionesViewController.swift */,
			);
			path = Notificaciones;
			sourceTree = "<group>";
		};
		932AF1671EE8A3CF00BB0D1F /* NuevaFiesta */ = {
			isa = PBXGroup;
			children = (
				932AF1681EE8A3CF00BB0D1F /* NuevaFiestaViewController.swift */,
			);
			path = NuevaFiesta;
			sourceTree = "<group>";
		};
		932AF1851EE8A81500BB0D1F /* Assets */ = {
			isa = PBXGroup;
			children = (
				932AF1861EE8A81500BB0D1F /* Fonts */,
				932AF1901EE8A81500BB0D1F /* Icons */,
				932AF19B1EE8A81500BB0D1F /* Images */,
			);
			name = Assets;
			path = Fiestapp/Assets;
			sourceTree = SOURCE_ROOT;
		};
		932AF1861EE8A81500BB0D1F /* Fonts */ = {
			isa = PBXGroup;
			children = (
				932AF1871EE8A81500BB0D1F /* Ubuntu-B.ttf */,
				932AF1881EE8A81500BB0D1F /* Ubuntu-BI.ttf */,
				932AF1891EE8A81500BB0D1F /* Ubuntu-C.ttf */,
				932AF18A1EE8A81500BB0D1F /* Ubuntu-L.ttf */,
				932AF18B1EE8A81500BB0D1F /* Ubuntu-LI.ttf */,
				932AF18C1EE8A81500BB0D1F /* Ubuntu-M.ttf */,
				932AF18D1EE8A81500BB0D1F /* Ubuntu-MI.ttf */,
				932AF18E1EE8A81500BB0D1F /* Ubuntu-R.ttf */,
				932AF18F1EE8A81500BB0D1F /* Ubuntu-RI.ttf */,
			);
			path = Fonts;
			sourceTree = "<group>";
		};
		932AF1901EE8A81500BB0D1F /* Icons */ = {
			isa = PBXGroup;
			children = (
				932AF1911EE8A81500BB0D1F /* ic_action_add_circle@2x.png */,
				932AF1921EE8A81500BB0D1F /* ic_action_add_circle@3x.png */,
				932AF1931EE8A81500BB0D1F /* ic_action_notifications@2x.png */,
				932AF1941EE8A81500BB0D1F /* ic_action_notifications@3x.png */,
				932AF1951EE8A81500BB0D1F /* IconBack@2x.png */,
				932AF1961EE8A81500BB0D1F /* IconBack@3x.png */,
				932AF1971EE8A81500BB0D1F /* IconLogout@2x.png */,
				932AF1981EE8A81500BB0D1F /* IconLogout@3x.png */,
				932AF1991EE8A81500BB0D1F /* iconTab1@2x.png */,
				932AF19A1EE8A81500BB0D1F /* iconTab1@3x.png */,
			);
			path = Icons;
			sourceTree = "<group>";
		};
		932AF19B1EE8A81500BB0D1F /* Images */ = {
			isa = PBXGroup;
			children = (
				932AF19C1EE8A81500BB0D1F /* FiestaPerfil */,
				932AF19F1EE8A81500BB0D1F /* LaunchScreen */,
				932AF1A41EE8A81500BB0D1F /* Login */,
			);
			path = Images;
			sourceTree = "<group>";
		};
		932AF19C1EE8A81500BB0D1F /* FiestaPerfil */ = {
			isa = PBXGroup;
			children = (
				932AF19D1EE8A81500BB0D1F /* Bg_profile_fiesta.png */,
				932AF19E1EE8A81500BB0D1F /* Profile.png */,
			);
			path = FiestaPerfil;
			sourceTree = "<group>";
		};
		932AF19F1EE8A81500BB0D1F /* LaunchScreen */ = {
			isa = PBXGroup;
			children = (
				932AF1A01EE8A81500BB0D1F /* bonete.png */,
				932AF1A11EE8A81500BB0D1F /* Branding.png */,
				932AF1A21EE8A81500BB0D1F /* Branding@2x.png */,
				932AF1A31EE8A81500BB0D1F /* Branding@3x.png */,
			);
			path = LaunchScreen;
			sourceTree = "<group>";
		};
		932AF1A41EE8A81500BB0D1F /* Login */ = {
			isa = PBXGroup;
			children = (
				932AF1A51EE8A81500BB0D1F /* btn_facebook.png */,
				932AF1A61EE8A81500BB0D1F /* btn_facebook@2x.png */,
				932AF1A71EE8A81500BB0D1F /* btn_facebook@3x.png */,
			);
			path = Login;
			sourceTree = "<group>";
		};
		932AF1C41EE8A95600BB0D1F /* TableViewCells */ = {
			isa = PBXGroup;
			children = (
				932AF1C51EE8A95600BB0D1F /* FiestaTableViewCell.swift */,
			);
			path = TableViewCells;
			sourceTree = "<group>";
		};
		93567ADC1EC25BA700056124 = {
			isa = PBXGroup;
			children = (
				93567AE71EC25BA700056124 /* fiestapp */,
				93567AE61EC25BA700056124 /* Products */,
				42711D6467F479731849A721 /* Pods */,
				DEAB49D17F25CEACD12AD3CB /* Frameworks */,
			);
			sourceTree = "<group>";
		};
		93567AE61EC25BA700056124 /* Products */ = {
			isa = PBXGroup;
			children = (
				93567AE51EC25BA700056124 /* fiestapp.app */,
			);
			name = Products;
			sourceTree = "<group>";
		};
		93567AE71EC25BA700056124 /* fiestapp */ = {
			isa = PBXGroup;
			children = (
				932AF17F1EE8A6D400BB0D1F /* AppDelegate.swift */,
				932AF1851EE8A81500BB0D1F /* Assets */,
				93567AEF1EC25BA700056124 /* Assets.xcassets */,
				932AF13D1EE8909300BB0D1F /* Common */,
				932AF1801EE8A6D500BB0D1F /* GoogleService-Info.plist */,
				932AF1811EE8A6D500BB0D1F /* Info.plist */,
				93567AF11EC25BA700056124 /* LaunchScreen.storyboard */,
				93567AEC1EC25BA700056124 /* Main.storyboard */,
				932AF1461EE8975400BB0D1F /* Models */,
				932AF14D1EE897D100BB0D1F /* Services */,
				932AF1521EE8A3CF00BB0D1F /* ViewControllers */,
			);
			path = fiestapp;
			sourceTree = "<group>";
		};
		DEAB49D17F25CEACD12AD3CB /* Frameworks */ = {
			isa = PBXGroup;
			children = (
				66492BB5F9DEFE2E3CD84D5A /* Pods_fiestapp.framework */,
			);
			name = Frameworks;
			sourceTree = "<group>";
		};
/* End PBXGroup section */

/* Begin PBXNativeTarget section */
		93567AE41EC25BA700056124 /* fiestapp */ = {
			isa = PBXNativeTarget;
			buildConfigurationList = 93567AF71EC25BA700056124 /* Build configuration list for PBXNativeTarget "fiestapp" */;
			buildPhases = (
				97681F82FCABC3EBB3BB39BA /* [CP] Check Pods Manifest.lock */,
				93567AE11EC25BA700056124 /* Sources */,
				93567AE21EC25BA700056124 /* Frameworks */,
				93567AE31EC25BA700056124 /* Resources */,
				3EAC8D01A3A81EA6BC02E78E /* [CP] Embed Pods Frameworks */,
				D5FF4CBC65F6A9ED1A7A6A8F /* [CP] Copy Pods Resources */,
			);
			buildRules = (
			);
			dependencies = (
			);
			name = fiestapp;
			productName = fiestapp;
			productReference = 93567AE51EC25BA700056124 /* fiestapp.app */;
			productType = "com.apple.product-type.application";
		};
/* End PBXNativeTarget section */

/* Begin PBXProject section */
		93567ADD1EC25BA700056124 /* Project object */ = {
			isa = PBXProject;
			attributes = {
				LastSwiftUpdateCheck = 0830;
				LastUpgradeCheck = 0830;
				ORGANIZATIONNAME = Mint;
				TargetAttributes = {
					93567AE41EC25BA700056124 = {
						CreatedOnToolsVersion = 8.3.2;
						DevelopmentTeam = L98G23Y6A4;
						ProvisioningStyle = Automatic;
					};
				};
			};
			buildConfigurationList = 93567AE01EC25BA700056124 /* Build configuration list for PBXProject "Fiestapp" */;
			compatibilityVersion = "Xcode 3.2";
			developmentRegion = English;
			hasScannedForEncodings = 0;
			knownRegions = (
				en,
				Base,
			);
			mainGroup = 93567ADC1EC25BA700056124;
			productRefGroup = 93567AE61EC25BA700056124 /* Products */;
			projectDirPath = "";
			projectRoot = "";
			targets = (
				93567AE41EC25BA700056124 /* fiestapp */,
			);
		};
/* End PBXProject section */

/* Begin PBXResourcesBuildPhase section */
		93567AE31EC25BA700056124 /* Resources */ = {
			isa = PBXResourcesBuildPhase;
			buildActionMask = 2147483647;
			files = (
				932AF1B31EE8A81500BB0D1F /* ic_action_notifications@2x.png in Resources */,
				932AF1A81EE8A81500BB0D1F /* Ubuntu-B.ttf in Resources */,
				932AF1B41EE8A81500BB0D1F /* ic_action_notifications@3x.png in Resources */,
				932AF1BF1EE8A81500BB0D1F /* Branding@2x.png in Resources */,
				932AF1A91EE8A81500BB0D1F /* Ubuntu-BI.ttf in Resources */,
				93567AF31EC25BA700056124 /* LaunchScreen.storyboard in Resources */,
				932AF1AE1EE8A81500BB0D1F /* Ubuntu-MI.ttf in Resources */,
				932AF1BD1EE8A81500BB0D1F /* bonete.png in Resources */,
				932AF1C01EE8A81500BB0D1F /* Branding@3x.png in Resources */,
				932AF1BA1EE8A81500BB0D1F /* iconTab1@3x.png in Resources */,
				932AF1B01EE8A81500BB0D1F /* Ubuntu-RI.ttf in Resources */,
				932AF1AA1EE8A81500BB0D1F /* Ubuntu-C.ttf in Resources */,
				932AF1831EE8A6D500BB0D1F /* GoogleService-Info.plist in Resources */,
				932AF1C21EE8A81500BB0D1F /* btn_facebook@2x.png in Resources */,
				93567AF01EC25BA700056124 /* Assets.xcassets in Resources */,
				932AF1C31EE8A81500BB0D1F /* btn_facebook@3x.png in Resources */,
				932AF1BE1EE8A81500BB0D1F /* Branding.png in Resources */,
				932AF1B11EE8A81500BB0D1F /* ic_action_add_circle@2x.png in Resources */,
				932AF1AC1EE8A81500BB0D1F /* Ubuntu-LI.ttf in Resources */,
				932AF1B71EE8A81500BB0D1F /* IconLogout@2x.png in Resources */,
				932AF1B91EE8A81500BB0D1F /* iconTab1@2x.png in Resources */,
				932AF1BC1EE8A81500BB0D1F /* Profile.png in Resources */,
				932AF1AB1EE8A81500BB0D1F /* Ubuntu-L.ttf in Resources */,
				932AF1B21EE8A81500BB0D1F /* ic_action_add_circle@3x.png in Resources */,
				932AF1C11EE8A81500BB0D1F /* btn_facebook.png in Resources */,
				932AF1BB1EE8A81500BB0D1F /* Bg_profile_fiesta.png in Resources */,
				932AF1841EE8A6D500BB0D1F /* Info.plist in Resources */,
				932AF1B81EE8A81500BB0D1F /* IconLogout@3x.png in Resources */,
				93567AEE1EC25BA700056124 /* Main.storyboard in Resources */,
				932AF1AF1EE8A81500BB0D1F /* Ubuntu-R.ttf in Resources */,
				932AF1AD1EE8A81500BB0D1F /* Ubuntu-M.ttf in Resources */,
				932AF1B51EE8A81500BB0D1F /* IconBack@2x.png in Resources */,
				932AF1B61EE8A81500BB0D1F /* IconBack@3x.png in Resources */,
			);
			runOnlyForDeploymentPostprocessing = 0;
		};
/* End PBXResourcesBuildPhase section */

/* Begin PBXShellScriptBuildPhase section */
		3EAC8D01A3A81EA6BC02E78E /* [CP] Embed Pods Frameworks */ = {
			isa = PBXShellScriptBuildPhase;
			buildActionMask = 2147483647;
			files = (
			);
			inputPaths = (
			);
			name = "[CP] Embed Pods Frameworks";
			outputPaths = (
			);
			runOnlyForDeploymentPostprocessing = 0;
			shellPath = /bin/sh;
			shellScript = "\"${SRCROOT}/Pods/Target Support Files/Pods-fiestapp/Pods-fiestapp-frameworks.sh\"\n";
			showEnvVarsInLog = 0;
		};
		97681F82FCABC3EBB3BB39BA /* [CP] Check Pods Manifest.lock */ = {
			isa = PBXShellScriptBuildPhase;
			buildActionMask = 2147483647;
			files = (
			);
			inputPaths = (
			);
			name = "[CP] Check Pods Manifest.lock";
			outputPaths = (
			);
			runOnlyForDeploymentPostprocessing = 0;
			shellPath = /bin/sh;
			shellScript = "diff \"${PODS_PODFILE_DIR_PATH}/Podfile.lock\" \"${PODS_ROOT}/Manifest.lock\" > /dev/null\nif [ $? != 0 ] ; then\n    # print error to STDERR\n    echo \"error: The sandbox is not in sync with the Podfile.lock. Run 'pod install' or update your CocoaPods installation.\" >&2\n    exit 1\nfi\n";
			showEnvVarsInLog = 0;
		};
		D5FF4CBC65F6A9ED1A7A6A8F /* [CP] Copy Pods Resources */ = {
			isa = PBXShellScriptBuildPhase;
			buildActionMask = 2147483647;
			files = (
			);
			inputPaths = (
			);
			name = "[CP] Copy Pods Resources";
			outputPaths = (
			);
			runOnlyForDeploymentPostprocessing = 0;
			shellPath = /bin/sh;
			shellScript = "\"${SRCROOT}/Pods/Target Support Files/Pods-fiestapp/Pods-fiestapp-resources.sh\"\n";
			showEnvVarsInLog = 0;
		};
/* End PBXShellScriptBuildPhase section */

/* Begin PBXSourcesBuildPhase section */
		93567AE11EC25BA700056124 /* Sources */ = {
			isa = PBXSourcesBuildPhase;
			buildActionMask = 2147483647;
			files = (
				932AF16C1EE8A3CF00BB0D1F /* LoginViewController.swift in Sources */,
				932AF1421EE8909300BB0D1F /* Common.swift in Sources */,
				932AF1701EE8A3CF00BB0D1F /* CustomOverlayView.swift in Sources */,
				932AF1431EE8909300BB0D1F /* EnumFiestasCell.swift in Sources */,
				932AF1501EE897D100BB0D1F /* FirebaseService.swift in Sources */,
				932AF14A1EE8975400BB0D1F /* FiestaModel.swift in Sources */,
				932AF14B1EE8975400BB0D1F /* FIRObject.swift in Sources */,
				932AF16A1EE8A3CF00BB0D1F /* InformacionTableViewCell.swift in Sources */,
				932AF16B1EE8A3CF00BB0D1F /* MeGustasTableViewCell.swift in Sources */,
				932AF1751EE8A3CF00BB0D1F /* MisFiestasViewController.swift in Sources */,
				932AF1771EE8A3CF00BB0D1F /* NuevaFiestaViewController.swift in Sources */,
				932AF1691EE8A3CF00BB0D1F /* FiestaTableViewController.swift in Sources */,
				932AF1821EE8A6D500BB0D1F /* AppDelegate.swift in Sources */,
				932AF1741EE8A3CF00BB0D1F /* MisFiestasTableViewController.swift in Sources */,
				932AF16D1EE8A3CF00BB0D1F /* BackgroundAnimationViewController.swift in Sources */,
				932AF1721EE8A3CF00BB0D1F /* MeGustasViewController.swift in Sources */,
				932AF1451EE8909300BB0D1F /* UIViewExtension.swift in Sources */,
				932AF1441EE8909300BB0D1F /* EnumFuncionalidades.swift in Sources */,
				932AF1761EE8A3CF00BB0D1F /* NotificacionesViewController.swift in Sources */,
				932AF14C1EE8975400BB0D1F /* UbicacionModel.swift in Sources */,
				932AF16F1EE8A3CF00BB0D1F /* CustomKolodaView.swift in Sources */,
				932AF16E1EE8A3CF00BB0D1F /* BackgroundKolodaAnimator.swift in Sources */,
				932AF1711EE8A3CF00BB0D1F /* ExampleOverlayView.swift in Sources */,
				932AF1C61EE8A95600BB0D1F /* FiestaTableViewCell.swift in Sources */,
				932AF1511EE897D100BB0D1F /* MisFiestasService.swift in Sources */,
			);
			runOnlyForDeploymentPostprocessing = 0;
		};
/* End PBXSourcesBuildPhase section */

/* Begin PBXVariantGroup section */
		93567AEC1EC25BA700056124 /* Main.storyboard */ = {
			isa = PBXVariantGroup;
			children = (
				93567AED1EC25BA700056124 /* Base */,
			);
			name = Main.storyboard;
			sourceTree = "<group>";
		};
		93567AF11EC25BA700056124 /* LaunchScreen.storyboard */ = {
			isa = PBXVariantGroup;
			children = (
				93567AF21EC25BA700056124 /* Base */,
			);
			name = LaunchScreen.storyboard;
			sourceTree = "<group>";
		};
/* End PBXVariantGroup section */

/* Begin XCBuildConfiguration section */
		93567AF51EC25BA700056124 /* Debug */ = {
			isa = XCBuildConfiguration;
			buildSettings = {
				ALWAYS_SEARCH_USER_PATHS = NO;
				CLANG_ANALYZER_NONNULL = YES;
				CLANG_ANALYZER_NUMBER_OBJECT_CONVERSION = YES_AGGRESSIVE;
				CLANG_CXX_LANGUAGE_STANDARD = "gnu++0x";
				CLANG_CXX_LIBRARY = "libc++";
				CLANG_ENABLE_MODULES = YES;
				CLANG_ENABLE_OBJC_ARC = YES;
				CLANG_WARN_BOOL_CONVERSION = YES;
				CLANG_WARN_CONSTANT_CONVERSION = YES;
				CLANG_WARN_DIRECT_OBJC_ISA_USAGE = YES_ERROR;
				CLANG_WARN_DOCUMENTATION_COMMENTS = YES;
				CLANG_WARN_EMPTY_BODY = YES;
				CLANG_WARN_ENUM_CONVERSION = YES;
				CLANG_WARN_INFINITE_RECURSION = YES;
				CLANG_WARN_INT_CONVERSION = YES;
				CLANG_WARN_OBJC_ROOT_CLASS = YES_ERROR;
				CLANG_WARN_SUSPICIOUS_MOVE = YES;
				CLANG_WARN_UNREACHABLE_CODE = YES;
				CLANG_WARN__DUPLICATE_METHOD_MATCH = YES;
				"CODE_SIGN_IDENTITY[sdk=iphoneos*]" = "iPhone Developer";
				COPY_PHASE_STRIP = NO;
				DEBUG_INFORMATION_FORMAT = dwarf;
				ENABLE_STRICT_OBJC_MSGSEND = YES;
				ENABLE_TESTABILITY = YES;
				GCC_C_LANGUAGE_STANDARD = gnu99;
				GCC_DYNAMIC_NO_PIC = NO;
				GCC_NO_COMMON_BLOCKS = YES;
				GCC_OPTIMIZATION_LEVEL = 0;
				GCC_PREPROCESSOR_DEFINITIONS = (
					"DEBUG=1",
					"$(inherited)",
				);
				GCC_WARN_64_TO_32_BIT_CONVERSION = YES;
				GCC_WARN_ABOUT_RETURN_TYPE = YES_ERROR;
				GCC_WARN_UNDECLARED_SELECTOR = YES;
				GCC_WARN_UNINITIALIZED_AUTOS = YES_AGGRESSIVE;
				GCC_WARN_UNUSED_FUNCTION = YES;
				GCC_WARN_UNUSED_VARIABLE = YES;
				IPHONEOS_DEPLOYMENT_TARGET = 10.3;
				MTL_ENABLE_DEBUG_INFO = YES;
				ONLY_ACTIVE_ARCH = YES;
				SDKROOT = iphoneos;
				SWIFT_ACTIVE_COMPILATION_CONDITIONS = DEBUG;
				SWIFT_OPTIMIZATION_LEVEL = "-Onone";
			};
			name = Debug;
		};
		93567AF61EC25BA700056124 /* Release */ = {
			isa = XCBuildConfiguration;
			buildSettings = {
				ALWAYS_SEARCH_USER_PATHS = NO;
				CLANG_ANALYZER_NONNULL = YES;
				CLANG_ANALYZER_NUMBER_OBJECT_CONVERSION = YES_AGGRESSIVE;
				CLANG_CXX_LANGUAGE_STANDARD = "gnu++0x";
				CLANG_CXX_LIBRARY = "libc++";
				CLANG_ENABLE_MODULES = YES;
				CLANG_ENABLE_OBJC_ARC = YES;
				CLANG_WARN_BOOL_CONVERSION = YES;
				CLANG_WARN_CONSTANT_CONVERSION = YES;
				CLANG_WARN_DIRECT_OBJC_ISA_USAGE = YES_ERROR;
				CLANG_WARN_DOCUMENTATION_COMMENTS = YES;
				CLANG_WARN_EMPTY_BODY = YES;
				CLANG_WARN_ENUM_CONVERSION = YES;
				CLANG_WARN_INFINITE_RECURSION = YES;
				CLANG_WARN_INT_CONVERSION = YES;
				CLANG_WARN_OBJC_ROOT_CLASS = YES_ERROR;
				CLANG_WARN_SUSPICIOUS_MOVE = YES;
				CLANG_WARN_UNREACHABLE_CODE = YES;
				CLANG_WARN__DUPLICATE_METHOD_MATCH = YES;
				"CODE_SIGN_IDENTITY[sdk=iphoneos*]" = "iPhone Developer";
				COPY_PHASE_STRIP = NO;
				DEBUG_INFORMATION_FORMAT = "dwarf-with-dsym";
				ENABLE_NS_ASSERTIONS = NO;
				ENABLE_STRICT_OBJC_MSGSEND = YES;
				GCC_C_LANGUAGE_STANDARD = gnu99;
				GCC_NO_COMMON_BLOCKS = YES;
				GCC_WARN_64_TO_32_BIT_CONVERSION = YES;
				GCC_WARN_ABOUT_RETURN_TYPE = YES_ERROR;
				GCC_WARN_UNDECLARED_SELECTOR = YES;
				GCC_WARN_UNINITIALIZED_AUTOS = YES_AGGRESSIVE;
				GCC_WARN_UNUSED_FUNCTION = YES;
				GCC_WARN_UNUSED_VARIABLE = YES;
				IPHONEOS_DEPLOYMENT_TARGET = 10.3;
				MTL_ENABLE_DEBUG_INFO = NO;
				SDKROOT = iphoneos;
				SWIFT_OPTIMIZATION_LEVEL = "-Owholemodule";
				VALIDATE_PRODUCT = YES;
			};
			name = Release;
		};
		93567AF81EC25BA700056124 /* Debug */ = {
			isa = XCBuildConfiguration;
			baseConfigurationReference = 4B9BCFC6672A8773A1FC2AF2 /* Pods-fiestapp.debug.xcconfig */;
			buildSettings = {
				ASSETCATALOG_COMPILER_APPICON_NAME = AppIcon;
				DEVELOPMENT_TEAM = L98G23Y6A4;
				FRAMEWORK_SEARCH_PATHS = (
					"$(inherited)",
					"\"$PODS_CONFIGURATION_BUILD_DIR/GTMSessionFetcher\"",
					"\"$PODS_CONFIGURATION_BUILD_DIR/GoogleToolboxForMac\"",
					"\"${PODS_ROOT}/FirebaseAnalytics/Frameworks\"",
					"\"${PODS_ROOT}/FirebaseAuth/Frameworks\"",
					"\"${PODS_ROOT}/FirebaseCore/Frameworks\"",
					"\"${PODS_ROOT}/FirebaseInstanceID/Frameworks\"",
					/Users/nicolashechim/Documents/FacebookSDK,
				);
				INFOPLIST_FILE = fiestapp/Info.plist;
				IPHONEOS_DEPLOYMENT_TARGET = 9.0;
				LD_RUNPATH_SEARCH_PATHS = "$(inherited) @executable_path/Frameworks";
				PRODUCT_BUNDLE_IDENTIFIER = com.mint.fiestapp;
				PRODUCT_NAME = "$(TARGET_NAME)";
				SWIFT_VERSION = 3.0;
			};
			name = Debug;
		};
		93567AF91EC25BA700056124 /* Release */ = {
			isa = XCBuildConfiguration;
			baseConfigurationReference = 9FC4EC719A4FA3C4D99471F4 /* Pods-fiestapp.release.xcconfig */;
			buildSettings = {
				ASSETCATALOG_COMPILER_APPICON_NAME = AppIcon;
				DEVELOPMENT_TEAM = L98G23Y6A4;
				FRAMEWORK_SEARCH_PATHS = (
					"$(inherited)",
					"\"$PODS_CONFIGURATION_BUILD_DIR/GTMSessionFetcher\"",
					"\"$PODS_CONFIGURATION_BUILD_DIR/GoogleToolboxForMac\"",
					"\"${PODS_ROOT}/FirebaseAnalytics/Frameworks\"",
					"\"${PODS_ROOT}/FirebaseAuth/Frameworks\"",
					"\"${PODS_ROOT}/FirebaseCore/Frameworks\"",
					"\"${PODS_ROOT}/FirebaseInstanceID/Frameworks\"",
					/Users/nicolashechim/Documents/FacebookSDK,
				);
				INFOPLIST_FILE = fiestapp/Info.plist;
				IPHONEOS_DEPLOYMENT_TARGET = 9.0;
				LD_RUNPATH_SEARCH_PATHS = "$(inherited) @executable_path/Frameworks";
				PRODUCT_BUNDLE_IDENTIFIER = com.mint.fiestapp;
				PRODUCT_NAME = "$(TARGET_NAME)";
				SWIFT_VERSION = 3.0;
			};
			name = Release;
		};
/* End XCBuildConfiguration section */

/* Begin XCConfigurationList section */
		93567AE01EC25BA700056124 /* Build configuration list for PBXProject "Fiestapp" */ = {
			isa = XCConfigurationList;
			buildConfigurations = (
				93567AF51EC25BA700056124 /* Debug */,
				93567AF61EC25BA700056124 /* Release */,
			);
			defaultConfigurationIsVisible = 0;
			defaultConfigurationName = Release;
		};
		93567AF71EC25BA700056124 /* Build configuration list for PBXNativeTarget "fiestapp" */ = {
			isa = XCConfigurationList;
			buildConfigurations = (
				93567AF81EC25BA700056124 /* Debug */,
				93567AF91EC25BA700056124 /* Release */,
			);
			defaultConfigurationIsVisible = 0;
			defaultConfigurationName = Release;
		};
/* End XCConfigurationList section */
	};
	rootObject = 93567ADD1EC25BA700056124 /* Project object */;
}
