// !$*UTF8*$!
{
	archiveVersion = 1;
	classes = {
	};
	objectVersion = 46;
	objects = {

/* Begin PBXBuildFile section */
		93567AE91EC25BA700056124 /* AppDelegate.swift in Sources */ = {isa = PBXBuildFile; fileRef = 93567AE81EC25BA700056124 /* AppDelegate.swift */; };
		93567AEB1EC25BA700056124 /* ViewController.swift in Sources */ = {isa = PBXBuildFile; fileRef = 93567AEA1EC25BA700056124 /* ViewController.swift */; };
		93567AEE1EC25BA700056124 /* Main.storyboard in Resources */ = {isa = PBXBuildFile; fileRef = 93567AEC1EC25BA700056124 /* Main.storyboard */; };
		93567AF01EC25BA700056124 /* Assets.xcassets in Resources */ = {isa = PBXBuildFile; fileRef = 93567AEF1EC25BA700056124 /* Assets.xcassets */; };
		93567AF31EC25BA700056124 /* LaunchScreen.storyboard in Resources */ = {isa = PBXBuildFile; fileRef = 93567AF11EC25BA700056124 /* LaunchScreen.storyboard */; };
		93DF4B6D1EC25F36004DCB81 /* GoogleService-Info.plist in Resources */ = {isa = PBXBuildFile; fileRef = 93DF4B6C1EC25F36004DCB81 /* GoogleService-Info.plist */; };
		BA69F4F04EED4C8787EF6D59 /* Pods_fiestapp.framework in Frameworks */ = {isa = PBXBuildFile; fileRef = 409BAD742CF3BAEA6D9264FE /* Pods_fiestapp.framework */; };
/* End PBXBuildFile section */

/* Begin PBXFileReference section */
		409BAD742CF3BAEA6D9264FE /* Pods_fiestapp.framework */ = {isa = PBXFileReference; explicitFileType = wrapper.framework; includeInIndex = 0; path = Pods_fiestapp.framework; sourceTree = BUILT_PRODUCTS_DIR; };
		4B9BCFC6672A8773A1FC2AF2 /* Pods-fiestapp.debug.xcconfig */ = {isa = PBXFileReference; includeInIndex = 1; lastKnownFileType = text.xcconfig; name = "Pods-fiestapp.debug.xcconfig"; path = "Pods/Target Support Files/Pods-fiestapp/Pods-fiestapp.debug.xcconfig"; sourceTree = "<group>"; };
		93567AE51EC25BA700056124 /* fiestapp.app */ = {isa = PBXFileReference; explicitFileType = wrapper.application; includeInIndex = 0; path = fiestapp.app; sourceTree = BUILT_PRODUCTS_DIR; };
		93567AE81EC25BA700056124 /* AppDelegate.swift */ = {isa = PBXFileReference; lastKnownFileType = sourcecode.swift; path = AppDelegate.swift; sourceTree = "<group>"; };
		93567AEA1EC25BA700056124 /* ViewController.swift */ = {isa = PBXFileReference; lastKnownFileType = sourcecode.swift; path = ViewController.swift; sourceTree = "<group>"; };
		93567AED1EC25BA700056124 /* Base */ = {isa = PBXFileReference; lastKnownFileType = file.storyboard; name = Base; path = Base.lproj/Main.storyboard; sourceTree = "<group>"; };
		93567AEF1EC25BA700056124 /* Assets.xcassets */ = {isa = PBXFileReference; lastKnownFileType = folder.assetcatalog; path = Assets.xcassets; sourceTree = "<group>"; };
		93567AF21EC25BA700056124 /* Base */ = {isa = PBXFileReference; lastKnownFileType = file.storyboard; name = Base; path = Base.lproj/LaunchScreen.storyboard; sourceTree = "<group>"; };
		93567AF41EC25BA700056124 /* Info.plist */ = {isa = PBXFileReference; lastKnownFileType = text.plist.xml; path = Info.plist; sourceTree = "<group>"; };
		93DF4B6C1EC25F36004DCB81 /* GoogleService-Info.plist */ = {isa = PBXFileReference; fileEncoding = 4; lastKnownFileType = text.plist.xml; path = "GoogleService-Info.plist"; sourceTree = "<group>"; };
		9FC4EC719A4FA3C4D99471F4 /* Pods-fiestapp.release.xcconfig */ = {isa = PBXFileReference; includeInIndex = 1; lastKnownFileType = text.xcconfig; name = "Pods-fiestapp.release.xcconfig"; path = "Pods/Target Support Files/Pods-fiestapp/Pods-fiestapp.release.xcconfig"; sourceTree = "<group>"; };
/* End PBXFileReference section */

/* Begin PBXFrameworksBuildPhase section */
		93567AE21EC25BA700056124 /* Frameworks */ = {
			isa = PBXFrameworksBuildPhase;
			buildActionMask = 2147483647;
			files = (
				BA69F4F04EED4C8787EF6D59 /* Pods_fiestapp.framework in Frameworks */,
			);
			runOnlyForDeploymentPostprocessing = 0;
		};
/* End PBXFrameworksBuildPhase section */

/* Begin PBXGroup section */
		42711D6467F479731849A721 /* Pods */ = {
			isa = PBXGroup;
			children = (
				4B9BCFC6672A8773A1FC2AF2 /* Pods-fiestapp.debug.xcconfig */,
				9FC4EC719A4FA3C4D99471F4 /* Pods-fiestapp.release.xcconfig */,
			);
			name = Pods;
			sourceTree = "<group>";
		};
		93567ADC1EC25BA700056124 = {
			isa = PBXGroup;
			children = (
				93567AE71EC25BA700056124 /* fiestapp */,
				93567AE61EC25BA700056124 /* Products */,
				42711D6467F479731849A721 /* Pods */,
				DEAB49D17F25CEACD12AD3CB /* Frameworks */,
			);
			sourceTree = "<group>";
		};
		93567AE61EC25BA700056124 /* Products */ = {
			isa = PBXGroup;
			children = (
				93567AE51EC25BA700056124 /* fiestapp.app */,
			);
			name = Products;
			sourceTree = "<group>";
		};
		93567AE71EC25BA700056124 /* fiestapp */ = {
			isa = PBXGroup;
			children = (
				93567AE81EC25BA700056124 /* AppDelegate.swift */,
				93567AEA1EC25BA700056124 /* ViewController.swift */,
				93567AEC1EC25BA700056124 /* Main.storyboard */,
				93567AEF1EC25BA700056124 /* Assets.xcassets */,
				93567AF11EC25BA700056124 /* LaunchScreen.storyboard */,
				93567AF41EC25BA700056124 /* Info.plist */,
				93DF4B6C1EC25F36004DCB81 /* GoogleService-Info.plist */,
			);
			path = fiestapp;
			sourceTree = "<group>";
		};
		DEAB49D17F25CEACD12AD3CB /* Frameworks */ = {
			isa = PBXGroup;
			children = (
				409BAD742CF3BAEA6D9264FE /* Pods_fiestapp.framework */,
			);
			name = Frameworks;
			sourceTree = "<group>";
		};
/* End PBXGroup section */

/* Begin PBXNativeTarget section */
		93567AE41EC25BA700056124 /* fiestapp */ = {
			isa = PBXNativeTarget;
			buildConfigurationList = 93567AF71EC25BA700056124 /* Build configuration list for PBXNativeTarget "fiestapp" */;
			buildPhases = (
				97681F82FCABC3EBB3BB39BA /* [CP] Check Pods Manifest.lock */,
				93567AE11EC25BA700056124 /* Sources */,
				93567AE21EC25BA700056124 /* Frameworks */,
				93567AE31EC25BA700056124 /* Resources */,
				3EAC8D01A3A81EA6BC02E78E /* [CP] Embed Pods Frameworks */,
				D5FF4CBC65F6A9ED1A7A6A8F /* [CP] Copy Pods Resources */,
			);
			buildRules = (
			);
			dependencies = (
			);
			name = fiestapp;
			productName = fiestapp;
			productReference = 93567AE51EC25BA700056124 /* fiestapp.app */;
			productType = "com.apple.product-type.application";
		};
/* End PBXNativeTarget section */

/* Begin PBXProject section */
		93567ADD1EC25BA700056124 /* Project object */ = {
			isa = PBXProject;
			attributes = {
				LastSwiftUpdateCheck = 0830;
				LastUpgradeCheck = 0830;
				ORGANIZATIONNAME = Mint;
				TargetAttributes = {
					93567AE41EC25BA700056124 = {
						CreatedOnToolsVersion = 8.3.2;
						DevelopmentTeam = L98G23Y6A4;
						ProvisioningStyle = Automatic;
					};
				};
			};
			buildConfigurationList = 93567AE01EC25BA700056124 /* Build configuration list for PBXProject "fiestapp" */;
			compatibilityVersion = "Xcode 3.2";
			developmentRegion = English;
			hasScannedForEncodings = 0;
			knownRegions = (
				en,
				Base,
			);
			mainGroup = 93567ADC1EC25BA700056124;
			productRefGroup = 93567AE61EC25BA700056124 /* Products */;
			projectDirPath = "";
			projectRoot = "";
			targets = (
				93567AE41EC25BA700056124 /* fiestapp */,
			);
		};
/* End PBXProject section */

/* Begin PBXResourcesBuildPhase section */
		93567AE31EC25BA700056124 /* Resources */ = {
			isa = PBXResourcesBuildPhase;
			buildActionMask = 2147483647;
			files = (
				93567AF31EC25BA700056124 /* LaunchScreen.storyboard in Resources */,
				93DF4B6D1EC25F36004DCB81 /* GoogleService-Info.plist in Resources */,
				93567AF01EC25BA700056124 /* Assets.xcassets in Resources */,
				93567AEE1EC25BA700056124 /* Main.storyboard in Resources */,
			);
			runOnlyForDeploymentPostprocessing = 0;
		};
/* End PBXResourcesBuildPhase section */

/* Begin PBXShellScriptBuildPhase section */
		3EAC8D01A3A81EA6BC02E78E /* [CP] Embed Pods Frameworks */ = {
			isa = PBXShellScriptBuildPhase;
			buildActionMask = 2147483647;
			files = (
			);
			inputPaths = (
			);
			name = "[CP] Embed Pods Frameworks";
			outputPaths = (
			);
			runOnlyForDeploymentPostprocessing = 0;
			shellPath = /bin/sh;
			shellScript = "\"${SRCROOT}/Pods/Target Support Files/Pods-fiestapp/Pods-fiestapp-frameworks.sh\"\n";
			showEnvVarsInLog = 0;
		};
		97681F82FCABC3EBB3BB39BA /* [CP] Check Pods Manifest.lock */ = {
			isa = PBXShellScriptBuildPhase;
			buildActionMask = 2147483647;
			files = (
			);
			inputPaths = (
			);
			name = "[CP] Check Pods Manifest.lock";
			outputPaths = (
			);
			runOnlyForDeploymentPostprocessing = 0;
			shellPath = /bin/sh;
			shellScript = "diff \"${PODS_PODFILE_DIR_PATH}/Podfile.lock\" \"${PODS_ROOT}/Manifest.lock\" > /dev/null\nif [ $? != 0 ] ; then\n    # print error to STDERR\n    echo \"error: The sandbox is not in sync with the Podfile.lock. Run 'pod install' or update your CocoaPods installation.\" >&2\n    exit 1\nfi\n";
			showEnvVarsInLog = 0;
		};
		D5FF4CBC65F6A9ED1A7A6A8F /* [CP] Copy Pods Resources */ = {
			isa = PBXShellScriptBuildPhase;
			buildActionMask = 2147483647;
			files = (
			);
			inputPaths = (
			);
			name = "[CP] Copy Pods Resources";
			outputPaths = (
			);
			runOnlyForDeploymentPostprocessing = 0;
			shellPath = /bin/sh;
			shellScript = "\"${SRCROOT}/Pods/Target Support Files/Pods-fiestapp/Pods-fiestapp-resources.sh\"\n";
			showEnvVarsInLog = 0;
		};
/* End PBXShellScriptBuildPhase section */

/* Begin PBXSourcesBuildPhase section */
		93567AE11EC25BA700056124 /* Sources */ = {
			isa = PBXSourcesBuildPhase;
			buildActionMask = 2147483647;
			files = (
				93567AEB1EC25BA700056124 /* ViewController.swift in Sources */,
				93567AE91EC25BA700056124 /* AppDelegate.swift in Sources */,
			);
			runOnlyForDeploymentPostprocessing = 0;
		};
/* End PBXSourcesBuildPhase section */

/* Begin PBXVariantGroup section */
		93567AEC1EC25BA700056124 /* Main.storyboard */ = {
			isa = PBXVariantGroup;
			children = (
				93567AED1EC25BA700056124 /* Base */,
			);
			name = Main.storyboard;
			sourceTree = "<group>";
		};
		93567AF11EC25BA700056124 /* LaunchScreen.storyboard */ = {
			isa = PBXVariantGroup;
			children = (
				93567AF21EC25BA700056124 /* Base */,
			);
			name = LaunchScreen.storyboard;
			sourceTree = "<group>";
		};
/* End PBXVariantGroup section */

/* Begin XCBuildConfiguration section */
		93567AF51EC25BA700056124 /* Debug */ = {
			isa = XCBuildConfiguration;
			buildSettings = {
				ALWAYS_SEARCH_USER_PATHS = NO;
				CLANG_ANALYZER_NONNULL = YES;
				CLANG_ANALYZER_NUMBER_OBJECT_CONVERSION = YES_AGGRESSIVE;
				CLANG_CXX_LANGUAGE_STANDARD = "gnu++0x";
				CLANG_CXX_LIBRARY = "libc++";
				CLANG_ENABLE_MODULES = YES;
				CLANG_ENABLE_OBJC_ARC = YES;
				CLANG_WARN_BOOL_CONVERSION = YES;
				CLANG_WARN_CONSTANT_CONVERSION = YES;
				CLANG_WARN_DIRECT_OBJC_ISA_USAGE = YES_ERROR;
				CLANG_WARN_DOCUMENTATION_COMMENTS = YES;
				CLANG_WARN_EMPTY_BODY = YES;
				CLANG_WARN_ENUM_CONVERSION = YES;
				CLANG_WARN_INFINITE_RECURSION = YES;
				CLANG_WARN_INT_CONVERSION = YES;
				CLANG_WARN_OBJC_ROOT_CLASS = YES_ERROR;
				CLANG_WARN_SUSPICIOUS_MOVE = YES;
				CLANG_WARN_UNREACHABLE_CODE = YES;
				CLANG_WARN__DUPLICATE_METHOD_MATCH = YES;
				"CODE_SIGN_IDENTITY[sdk=iphoneos*]" = "iPhone Developer";
				COPY_PHASE_STRIP = NO;
				DEBUG_INFORMATION_FORMAT = dwarf;
				ENABLE_STRICT_OBJC_MSGSEND = YES;
				ENABLE_TESTABILITY = YES;
				GCC_C_LANGUAGE_STANDARD = gnu99;
				GCC_DYNAMIC_NO_PIC = NO;
				GCC_NO_COMMON_BLOCKS = YES;
				GCC_OPTIMIZATION_LEVEL = 0;
				GCC_PREPROCESSOR_DEFINITIONS = (
					"DEBUG=1",
					"$(inherited)",
				);
				GCC_WARN_64_TO_32_BIT_CONVERSION = YES;
				GCC_WARN_ABOUT_RETURN_TYPE = YES_ERROR;
				GCC_WARN_UNDECLARED_SELECTOR = YES;
				GCC_WARN_UNINITIALIZED_AUTOS = YES_AGGRESSIVE;
				GCC_WARN_UNUSED_FUNCTION = YES;
				GCC_WARN_UNUSED_VARIABLE = YES;
				IPHONEOS_DEPLOYMENT_TARGET = 10.3;
				MTL_ENABLE_DEBUG_INFO = YES;
				ONLY_ACTIVE_ARCH = YES;
				SDKROOT = iphoneos;
				SWIFT_ACTIVE_COMPILATION_CONDITIONS = DEBUG;
				SWIFT_OPTIMIZATION_LEVEL = "-Onone";
			};
			name = Debug;
		};
		93567AF61EC25BA700056124 /* Release */ = {
			isa = XCBuildConfiguration;
			buildSettings = {
				ALWAYS_SEARCH_USER_PATHS = NO;
				CLANG_ANALYZER_NONNULL = YES;
				CLANG_ANALYZER_NUMBER_OBJECT_CONVERSION = YES_AGGRESSIVE;
				CLANG_CXX_LANGUAGE_STANDARD = "gnu++0x";
				CLANG_CXX_LIBRARY = "libc++";
				CLANG_ENABLE_MODULES = YES;
				CLANG_ENABLE_OBJC_ARC = YES;
				CLANG_WARN_BOOL_CONVERSION = YES;
				CLANG_WARN_CONSTANT_CONVERSION = YES;
				CLANG_WARN_DIRECT_OBJC_ISA_USAGE = YES_ERROR;
				CLANG_WARN_DOCUMENTATION_COMMENTS = YES;
				CLANG_WARN_EMPTY_BODY = YES;
				CLANG_WARN_ENUM_CONVERSION = YES;
				CLANG_WARN_INFINITE_RECURSION = YES;
				CLANG_WARN_INT_CONVERSION = YES;
				CLANG_WARN_OBJC_ROOT_CLASS = YES_ERROR;
				CLANG_WARN_SUSPICIOUS_MOVE = YES;
				CLANG_WARN_UNREACHABLE_CODE = YES;
				CLANG_WARN__DUPLICATE_METHOD_MATCH = YES;
				"CODE_SIGN_IDENTITY[sdk=iphoneos*]" = "iPhone Developer";
				COPY_PHASE_STRIP = NO;
				DEBUG_INFORMATION_FORMAT = "dwarf-with-dsym";
				ENABLE_NS_ASSERTIONS = NO;
				ENABLE_STRICT_OBJC_MSGSEND = YES;
				GCC_C_LANGUAGE_STANDARD = gnu99;
				GCC_NO_COMMON_BLOCKS = YES;
				GCC_WARN_64_TO_32_BIT_CONVERSION = YES;
				GCC_WARN_ABOUT_RETURN_TYPE = YES_ERROR;
				GCC_WARN_UNDECLARED_SELECTOR = YES;
				GCC_WARN_UNINITIALIZED_AUTOS = YES_AGGRESSIVE;
				GCC_WARN_UNUSED_FUNCTION = YES;
				GCC_WARN_UNUSED_VARIABLE = YES;
				IPHONEOS_DEPLOYMENT_TARGET = 10.3;
				MTL_ENABLE_DEBUG_INFO = NO;
				SDKROOT = iphoneos;
				SWIFT_OPTIMIZATION_LEVEL = "-Owholemodule";
				VALIDATE_PRODUCT = YES;
			};
			name = Release;
		};
		93567AF81EC25BA700056124 /* Debug */ = {
			isa = XCBuildConfiguration;
			baseConfigurationReference = 4B9BCFC6672A8773A1FC2AF2 /* Pods-fiestapp.debug.xcconfig */;
			buildSettings = {
				ASSETCATALOG_COMPILER_APPICON_NAME = AppIcon;
				DEVELOPMENT_TEAM = L98G23Y6A4;
				INFOPLIST_FILE = fiestapp/Info.plist;
				LD_RUNPATH_SEARCH_PATHS = "$(inherited) @executable_path/Frameworks";
				PRODUCT_BUNDLE_IDENTIFIER = com.mint.fiestapp;
				PRODUCT_NAME = "$(TARGET_NAME)";
				SWIFT_VERSION = 3.0;
			};
			name = Debug;
		};
		93567AF91EC25BA700056124 /* Release */ = {
			isa = XCBuildConfiguration;
			baseConfigurationReference = 9FC4EC719A4FA3C4D99471F4 /* Pods-fiestapp.release.xcconfig */;
			buildSettings = {
				ASSETCATALOG_COMPILER_APPICON_NAME = AppIcon;
				DEVELOPMENT_TEAM = L98G23Y6A4;
				INFOPLIST_FILE = fiestapp/Info.plist;
				LD_RUNPATH_SEARCH_PATHS = "$(inherited) @executable_path/Frameworks";
				PRODUCT_BUNDLE_IDENTIFIER = com.mint.fiestapp;
				PRODUCT_NAME = "$(TARGET_NAME)";
				SWIFT_VERSION = 3.0;
			};
			name = Release;
		};
/* End XCBuildConfiguration section */

/* Begin XCConfigurationList section */
		93567AE01EC25BA700056124 /* Build configuration list for PBXProject "fiestapp" */ = {
			isa = XCConfigurationList;
			buildConfigurations = (
				93567AF51EC25BA700056124 /* Debug */,
				93567AF61EC25BA700056124 /* Release */,
			);
			defaultConfigurationIsVisible = 0;
			defaultConfigurationName = Release;
		};
		93567AF71EC25BA700056124 /* Build configuration list for PBXNativeTarget "fiestapp" */ = {
			isa = XCConfigurationList;
			buildConfigurations = (
				93567AF81EC25BA700056124 /* Debug */,
				93567AF91EC25BA700056124 /* Release */,
			);
			defaultConfigurationIsVisible = 0;
			defaultConfigurationName = Release;
		};
/* End XCConfigurationList section */
	};
	rootObject = 93567ADD1EC25BA700056124 /* Project object */;
}
